
Microsoft Visual Studio Solution File, Format Version 12.00
# Visual Studio 15
VisualStudioVersion = 15.0.26228.9
MinimumVisualStudioVersion = 10.0.40219.1
Project("{FAE04EC0-301F-11D3-BF4B-00C04F79EFBC}") = "Acr.Settings", "Acr.Settings\Acr.Settings.csproj", "{A58C3EBC-AD81-42C4-95A7-4DD34307C709}"
EndProject
Project("{FAE04EC0-301F-11D3-BF4B-00C04F79EFBC}") = "Acr.Settings.Net.Tests", "Acr.Settings.Net.Tests\Acr.Settings.Net.Tests.csproj", "{8EC56DAF-12CB-4624-B2E5-AE0DE36144DB}"
EndProject
Project("{D954291E-2A0B-460D-934E-DC6B0785DB48}") = "Acr.Settings.Tests", "Acr.Settings.Tests\Acr.Settings.Tests.shproj", "{190B3C22-2763-4316-A93A-631995EB07AD}"
EndProject
Project("{FAE04EC0-301F-11D3-BF4B-00C04F79EFBC}") = "Acr.Settings.iOS.Tests", "Acr.Settings.iOS.Tests\Acr.Settings.iOS.Tests.csproj", "{CAD5F2F4-842A-4D67-A862-7668C442E8ED}"
EndProject
Project("{FAE04EC0-301F-11D3-BF4B-00C04F79EFBC}") = "Acr.Settings.Android.Tests", "Acr.Settings.Android.Tests\Acr.Settings.Android.Tests.csproj", "{06FE0C81-97BD-46BA-84CA-E7E2E1284AAD}"
EndProject
Project("{2150E333-8FDC-42A3-9474-1A3956D46DE8}") = "Solution Items", "Solution Items", "{47C4F251-4345-4B29-B017-571F08B9719A}"
	ProjectSection(SolutionItems) = preProject
		license.txt = license.txt
		nuget.exe = nuget.exe
		push.cmd = push.cmd
		readme.md = readme.md
	EndProjectSection
EndProject
Global
	GlobalSection(SharedMSBuildProjectFiles) = preSolution
		Acr.Settings.Tests\Acr.Settings.Tests.projitems*{06fe0c81-97bd-46ba-84ca-e7e2e1284aad}*SharedItemsImports = 4
		Acr.Settings.Tests\Acr.Settings.Tests.projitems*{190b3c22-2763-4316-a93a-631995eb07ad}*SharedItemsImports = 13
		Acr.Settings.Tests\Acr.Settings.Tests.projitems*{cad5f2f4-842a-4d67-a862-7668c442e8ed}*SharedItemsImports = 4
	EndGlobalSection
	GlobalSection(SolutionConfigurationPlatforms) = preSolution
		Ad-Hoc|Any CPU = Ad-Hoc|Any CPU
		Ad-Hoc|ARM = Ad-Hoc|ARM
		Ad-Hoc|iPhone = Ad-Hoc|iPhone
		Ad-Hoc|iPhoneSimulator = Ad-Hoc|iPhoneSimulator
		Ad-Hoc|Mixed Platforms = Ad-Hoc|Mixed Platforms
		Ad-Hoc|x64 = Ad-Hoc|x64
		Ad-Hoc|x86 = Ad-Hoc|x86
		AppStore|Any CPU = AppStore|Any CPU
		AppStore|ARM = AppStore|ARM
		AppStore|iPhone = AppStore|iPhone
		AppStore|iPhoneSimulator = AppStore|iPhoneSimulator
		AppStore|Mixed Platforms = AppStore|Mixed Platforms
		AppStore|x64 = AppStore|x64
		AppStore|x86 = AppStore|x86
		Debug|Any CPU = Debug|Any CPU
		Debug|ARM = Debug|ARM
		Debug|iPhone = Debug|iPhone
		Debug|iPhoneSimulator = Debug|iPhoneSimulator
		Debug|Mixed Platforms = Debug|Mixed Platforms
		Debug|x64 = Debug|x64
		Debug|x86 = Debug|x86
		Release|Any CPU = Release|Any CPU
		Release|ARM = Release|ARM
		Release|iPhone = Release|iPhone
		Release|iPhoneSimulator = Release|iPhoneSimulator
		Release|Mixed Platforms = Release|Mixed Platforms
		Release|x64 = Release|x64
		Release|x86 = Release|x86
	EndGlobalSection
	GlobalSection(ProjectConfigurationPlatforms) = postSolution
		{A58C3EBC-AD81-42C4-95A7-4DD34307C709}.Ad-Hoc|Any CPU.ActiveCfg = Debug|Any CPU
		{A58C3EBC-AD81-42C4-95A7-4DD34307C709}.Ad-Hoc|Any CPU.Build.0 = Debug|Any CPU
		{A58C3EBC-AD81-42C4-95A7-4DD34307C709}.Ad-Hoc|ARM.ActiveCfg = Debug|Any CPU
		{A58C3EBC-AD81-42C4-95A7-4DD34307C709}.Ad-Hoc|ARM.Build.0 = Debug|Any CPU
		{A58C3EBC-AD81-42C4-95A7-4DD34307C709}.Ad-Hoc|iPhone.ActiveCfg = Debug|Any CPU
		{A58C3EBC-AD81-42C4-95A7-4DD34307C709}.Ad-Hoc|iPhone.Build.0 = Debug|Any CPU
		{A58C3EBC-AD81-42C4-95A7-4DD34307C709}.Ad-Hoc|iPhoneSimulator.ActiveCfg = Debug|Any CPU
		{A58C3EBC-AD81-42C4-95A7-4DD34307C709}.Ad-Hoc|iPhoneSimulator.Build.0 = Debug|Any CPU
		{A58C3EBC-AD81-42C4-95A7-4DD34307C709}.Ad-Hoc|Mixed Platforms.ActiveCfg = Debug|Any CPU
		{A58C3EBC-AD81-42C4-95A7-4DD34307C709}.Ad-Hoc|Mixed Platforms.Build.0 = Debug|Any CPU
		{A58C3EBC-AD81-42C4-95A7-4DD34307C709}.Ad-Hoc|x64.ActiveCfg = Debug|Any CPU
		{A58C3EBC-AD81-42C4-95A7-4DD34307C709}.Ad-Hoc|x64.Build.0 = Debug|Any CPU
		{A58C3EBC-AD81-42C4-95A7-4DD34307C709}.Ad-Hoc|x86.ActiveCfg = Debug|Any CPU
		{A58C3EBC-AD81-42C4-95A7-4DD34307C709}.Ad-Hoc|x86.Build.0 = Debug|Any CPU
		{A58C3EBC-AD81-42C4-95A7-4DD34307C709}.AppStore|Any CPU.ActiveCfg = Debug|Any CPU
		{A58C3EBC-AD81-42C4-95A7-4DD34307C709}.AppStore|Any CPU.Build.0 = Debug|Any CPU
		{A58C3EBC-AD81-42C4-95A7-4DD34307C709}.AppStore|ARM.ActiveCfg = Debug|Any CPU
		{A58C3EBC-AD81-42C4-95A7-4DD34307C709}.AppStore|ARM.Build.0 = Debug|Any CPU
		{A58C3EBC-AD81-42C4-95A7-4DD34307C709}.AppStore|iPhone.ActiveCfg = Debug|Any CPU
		{A58C3EBC-AD81-42C4-95A7-4DD34307C709}.AppStore|iPhone.Build.0 = Debug|Any CPU
		{A58C3EBC-AD81-42C4-95A7-4DD34307C709}.AppStore|iPhoneSimulator.ActiveCfg = Debug|Any CPU
		{A58C3EBC-AD81-42C4-95A7-4DD34307C709}.AppStore|iPhoneSimulator.Build.0 = Debug|Any CPU
		{A58C3EBC-AD81-42C4-95A7-4DD34307C709}.AppStore|Mixed Platforms.ActiveCfg = Debug|Any CPU
		{A58C3EBC-AD81-42C4-95A7-4DD34307C709}.AppStore|Mixed Platforms.Build.0 = Debug|Any CPU
		{A58C3EBC-AD81-42C4-95A7-4DD34307C709}.AppStore|x64.ActiveCfg = Debug|Any CPU
		{A58C3EBC-AD81-42C4-95A7-4DD34307C709}.AppStore|x64.Build.0 = Debug|Any CPU
		{A58C3EBC-AD81-42C4-95A7-4DD34307C709}.AppStore|x86.ActiveCfg = Debug|Any CPU
		{A58C3EBC-AD81-42C4-95A7-4DD34307C709}.AppStore|x86.Build.0 = Debug|Any CPU
		{A58C3EBC-AD81-42C4-95A7-4DD34307C709}.Debug|Any CPU.ActiveCfg = Debug|Any CPU
		{A58C3EBC-AD81-42C4-95A7-4DD34307C709}.Debug|Any CPU.Build.0 = Debug|Any CPU
		{A58C3EBC-AD81-42C4-95A7-4DD34307C709}.Debug|ARM.ActiveCfg = Debug|Any CPU
		{A58C3EBC-AD81-42C4-95A7-4DD34307C709}.Debug|ARM.Build.0 = Debug|Any CPU
		{A58C3EBC-AD81-42C4-95A7-4DD34307C709}.Debug|iPhone.ActiveCfg = Debug|Any CPU
		{A58C3EBC-AD81-42C4-95A7-4DD34307C709}.Debug|iPhone.Build.0 = Debug|Any CPU
		{A58C3EBC-AD81-42C4-95A7-4DD34307C709}.Debug|iPhoneSimulator.ActiveCfg = Debug|Any CPU
		{A58C3EBC-AD81-42C4-95A7-4DD34307C709}.Debug|iPhoneSimulator.Build.0 = Debug|Any CPU
		{A58C3EBC-AD81-42C4-95A7-4DD34307C709}.Debug|Mixed Platforms.ActiveCfg = Debug|Any CPU
		{A58C3EBC-AD81-42C4-95A7-4DD34307C709}.Debug|Mixed Platforms.Build.0 = Debug|Any CPU
		{A58C3EBC-AD81-42C4-95A7-4DD34307C709}.Debug|x64.ActiveCfg = Debug|Any CPU
		{A58C3EBC-AD81-42C4-95A7-4DD34307C709}.Debug|x64.Build.0 = Debug|Any CPU
		{A58C3EBC-AD81-42C4-95A7-4DD34307C709}.Debug|x86.ActiveCfg = Debug|Any CPU
		{A58C3EBC-AD81-42C4-95A7-4DD34307C709}.Debug|x86.Build.0 = Debug|Any CPU
		{A58C3EBC-AD81-42C4-95A7-4DD34307C709}.Release|Any CPU.ActiveCfg = Release|Any CPU
		{A58C3EBC-AD81-42C4-95A7-4DD34307C709}.Release|Any CPU.Build.0 = Release|Any CPU
		{A58C3EBC-AD81-42C4-95A7-4DD34307C709}.Release|ARM.ActiveCfg = Release|Any CPU
		{A58C3EBC-AD81-42C4-95A7-4DD34307C709}.Release|ARM.Build.0 = Release|Any CPU
		{A58C3EBC-AD81-42C4-95A7-4DD34307C709}.Release|iPhone.ActiveCfg = Release|Any CPU
		{A58C3EBC-AD81-42C4-95A7-4DD34307C709}.Release|iPhone.Build.0 = Release|Any CPU
		{A58C3EBC-AD81-42C4-95A7-4DD34307C709}.Release|iPhoneSimulator.ActiveCfg = Release|Any CPU
		{A58C3EBC-AD81-42C4-95A7-4DD34307C709}.Release|iPhoneSimulator.Build.0 = Release|Any CPU
		{A58C3EBC-AD81-42C4-95A7-4DD34307C709}.Release|Mixed Platforms.ActiveCfg = Release|Any CPU
		{A58C3EBC-AD81-42C4-95A7-4DD34307C709}.Release|Mixed Platforms.Build.0 = Release|Any CPU
		{A58C3EBC-AD81-42C4-95A7-4DD34307C709}.Release|x64.ActiveCfg = Release|Any CPU
		{A58C3EBC-AD81-42C4-95A7-4DD34307C709}.Release|x64.Build.0 = Release|Any CPU
		{A58C3EBC-AD81-42C4-95A7-4DD34307C709}.Release|x86.ActiveCfg = Release|Any CPU
		{A58C3EBC-AD81-42C4-95A7-4DD34307C709}.Release|x86.Build.0 = Release|Any CPU
		{8EC56DAF-12CB-4624-B2E5-AE0DE36144DB}.Ad-Hoc|Any CPU.ActiveCfg = Release|Any CPU
		{8EC56DAF-12CB-4624-B2E5-AE0DE36144DB}.Ad-Hoc|Any CPU.Build.0 = Release|Any CPU
		{8EC56DAF-12CB-4624-B2E5-AE0DE36144DB}.Ad-Hoc|ARM.ActiveCfg = Release|Any CPU
		{8EC56DAF-12CB-4624-B2E5-AE0DE36144DB}.Ad-Hoc|ARM.Build.0 = Release|Any CPU
		{8EC56DAF-12CB-4624-B2E5-AE0DE36144DB}.Ad-Hoc|iPhone.ActiveCfg = Release|Any CPU
		{8EC56DAF-12CB-4624-B2E5-AE0DE36144DB}.Ad-Hoc|iPhone.Build.0 = Release|Any CPU
		{8EC56DAF-12CB-4624-B2E5-AE0DE36144DB}.Ad-Hoc|iPhoneSimulator.ActiveCfg = Release|Any CPU
		{8EC56DAF-12CB-4624-B2E5-AE0DE36144DB}.Ad-Hoc|iPhoneSimulator.Build.0 = Release|Any CPU
		{8EC56DAF-12CB-4624-B2E5-AE0DE36144DB}.Ad-Hoc|Mixed Platforms.ActiveCfg = Release|Any CPU
		{8EC56DAF-12CB-4624-B2E5-AE0DE36144DB}.Ad-Hoc|Mixed Platforms.Build.0 = Release|Any CPU
		{8EC56DAF-12CB-4624-B2E5-AE0DE36144DB}.Ad-Hoc|x64.ActiveCfg = Release|Any CPU
		{8EC56DAF-12CB-4624-B2E5-AE0DE36144DB}.Ad-Hoc|x64.Build.0 = Release|Any CPU
		{8EC56DAF-12CB-4624-B2E5-AE0DE36144DB}.Ad-Hoc|x86.ActiveCfg = Release|Any CPU
		{8EC56DAF-12CB-4624-B2E5-AE0DE36144DB}.Ad-Hoc|x86.Build.0 = Release|Any CPU
		{8EC56DAF-12CB-4624-B2E5-AE0DE36144DB}.AppStore|Any CPU.ActiveCfg = Release|Any CPU
		{8EC56DAF-12CB-4624-B2E5-AE0DE36144DB}.AppStore|Any CPU.Build.0 = Release|Any CPU
		{8EC56DAF-12CB-4624-B2E5-AE0DE36144DB}.AppStore|ARM.ActiveCfg = Release|Any CPU
		{8EC56DAF-12CB-4624-B2E5-AE0DE36144DB}.AppStore|ARM.Build.0 = Release|Any CPU
		{8EC56DAF-12CB-4624-B2E5-AE0DE36144DB}.AppStore|iPhone.ActiveCfg = Release|Any CPU
		{8EC56DAF-12CB-4624-B2E5-AE0DE36144DB}.AppStore|iPhone.Build.0 = Release|Any CPU
		{8EC56DAF-12CB-4624-B2E5-AE0DE36144DB}.AppStore|iPhoneSimulator.ActiveCfg = Release|Any CPU
		{8EC56DAF-12CB-4624-B2E5-AE0DE36144DB}.AppStore|iPhoneSimulator.Build.0 = Release|Any CPU
		{8EC56DAF-12CB-4624-B2E5-AE0DE36144DB}.AppStore|Mixed Platforms.ActiveCfg = Release|Any CPU
		{8EC56DAF-12CB-4624-B2E5-AE0DE36144DB}.AppStore|Mixed Platforms.Build.0 = Release|Any CPU
		{8EC56DAF-12CB-4624-B2E5-AE0DE36144DB}.AppStore|x64.ActiveCfg = Release|Any CPU
		{8EC56DAF-12CB-4624-B2E5-AE0DE36144DB}.AppStore|x64.Build.0 = Release|Any CPU
		{8EC56DAF-12CB-4624-B2E5-AE0DE36144DB}.AppStore|x86.ActiveCfg = Release|Any CPU
		{8EC56DAF-12CB-4624-B2E5-AE0DE36144DB}.AppStore|x86.Build.0 = Release|Any CPU
		{8EC56DAF-12CB-4624-B2E5-AE0DE36144DB}.Debug|Any CPU.ActiveCfg = Debug|Any CPU
		{8EC56DAF-12CB-4624-B2E5-AE0DE36144DB}.Debug|Any CPU.Build.0 = Debug|Any CPU
		{8EC56DAF-12CB-4624-B2E5-AE0DE36144DB}.Debug|ARM.ActiveCfg = Debug|Any CPU
		{8EC56DAF-12CB-4624-B2E5-AE0DE36144DB}.Debug|ARM.Build.0 = Debug|Any CPU
		{8EC56DAF-12CB-4624-B2E5-AE0DE36144DB}.Debug|iPhone.ActiveCfg = Debug|Any CPU
		{8EC56DAF-12CB-4624-B2E5-AE0DE36144DB}.Debug|iPhone.Build.0 = Debug|Any CPU
		{8EC56DAF-12CB-4624-B2E5-AE0DE36144DB}.Debug|iPhoneSimulator.ActiveCfg = Debug|Any CPU
		{8EC56DAF-12CB-4624-B2E5-AE0DE36144DB}.Debug|iPhoneSimulator.Build.0 = Debug|Any CPU
		{8EC56DAF-12CB-4624-B2E5-AE0DE36144DB}.Debug|Mixed Platforms.ActiveCfg = Debug|Any CPU
		{8EC56DAF-12CB-4624-B2E5-AE0DE36144DB}.Debug|Mixed Platforms.Build.0 = Debug|Any CPU
		{8EC56DAF-12CB-4624-B2E5-AE0DE36144DB}.Debug|x64.ActiveCfg = Debug|Any CPU
		{8EC56DAF-12CB-4624-B2E5-AE0DE36144DB}.Debug|x64.Build.0 = Debug|Any CPU
		{8EC56DAF-12CB-4624-B2E5-AE0DE36144DB}.Debug|x86.ActiveCfg = Debug|Any CPU
		{8EC56DAF-12CB-4624-B2E5-AE0DE36144DB}.Debug|x86.Build.0 = Debug|Any CPU
		{8EC56DAF-12CB-4624-B2E5-AE0DE36144DB}.Release|Any CPU.ActiveCfg = Release|Any CPU
		{8EC56DAF-12CB-4624-B2E5-AE0DE36144DB}.Release|Any CPU.Build.0 = Release|Any CPU
		{8EC56DAF-12CB-4624-B2E5-AE0DE36144DB}.Release|ARM.ActiveCfg = Release|Any CPU
		{8EC56DAF-12CB-4624-B2E5-AE0DE36144DB}.Release|ARM.Build.0 = Release|Any CPU
		{8EC56DAF-12CB-4624-B2E5-AE0DE36144DB}.Release|iPhone.ActiveCfg = Release|Any CPU
		{8EC56DAF-12CB-4624-B2E5-AE0DE36144DB}.Release|iPhone.Build.0 = Release|Any CPU
		{8EC56DAF-12CB-4624-B2E5-AE0DE36144DB}.Release|iPhoneSimulator.ActiveCfg = Release|Any CPU
		{8EC56DAF-12CB-4624-B2E5-AE0DE36144DB}.Release|iPhoneSimulator.Build.0 = Release|Any CPU
		{8EC56DAF-12CB-4624-B2E5-AE0DE36144DB}.Release|Mixed Platforms.ActiveCfg = Release|Any CPU
		{8EC56DAF-12CB-4624-B2E5-AE0DE36144DB}.Release|Mixed Platforms.Build.0 = Release|Any CPU
		{8EC56DAF-12CB-4624-B2E5-AE0DE36144DB}.Release|x64.ActiveCfg = Release|Any CPU
		{8EC56DAF-12CB-4624-B2E5-AE0DE36144DB}.Release|x64.Build.0 = Release|Any CPU
		{8EC56DAF-12CB-4624-B2E5-AE0DE36144DB}.Release|x86.ActiveCfg = Release|Any CPU
		{8EC56DAF-12CB-4624-B2E5-AE0DE36144DB}.Release|x86.Build.0 = Release|Any CPU
		{CAD5F2F4-842A-4D67-A862-7668C442E8ED}.Ad-Hoc|Any CPU.ActiveCfg = Ad-Hoc|iPhone
		{CAD5F2F4-842A-4D67-A862-7668C442E8ED}.Ad-Hoc|ARM.ActiveCfg = Ad-Hoc|iPhone
		{CAD5F2F4-842A-4D67-A862-7668C442E8ED}.Ad-Hoc|iPhone.ActiveCfg = Ad-Hoc|iPhone
		{CAD5F2F4-842A-4D67-A862-7668C442E8ED}.Ad-Hoc|iPhone.Build.0 = Ad-Hoc|iPhone
		{CAD5F2F4-842A-4D67-A862-7668C442E8ED}.Ad-Hoc|iPhoneSimulator.ActiveCfg = Ad-Hoc|iPhoneSimulator
		{CAD5F2F4-842A-4D67-A862-7668C442E8ED}.Ad-Hoc|iPhoneSimulator.Build.0 = Ad-Hoc|iPhoneSimulator
		{CAD5F2F4-842A-4D67-A862-7668C442E8ED}.Ad-Hoc|Mixed Platforms.ActiveCfg = Ad-Hoc|iPhone
		{CAD5F2F4-842A-4D67-A862-7668C442E8ED}.Ad-Hoc|Mixed Platforms.Build.0 = Ad-Hoc|iPhone
		{CAD5F2F4-842A-4D67-A862-7668C442E8ED}.Ad-Hoc|x64.ActiveCfg = Ad-Hoc|iPhone
		{CAD5F2F4-842A-4D67-A862-7668C442E8ED}.Ad-Hoc|x86.ActiveCfg = Ad-Hoc|iPhone
		{CAD5F2F4-842A-4D67-A862-7668C442E8ED}.AppStore|Any CPU.ActiveCfg = AppStore|iPhone
		{CAD5F2F4-842A-4D67-A862-7668C442E8ED}.AppStore|ARM.ActiveCfg = AppStore|iPhone
		{CAD5F2F4-842A-4D67-A862-7668C442E8ED}.AppStore|iPhone.ActiveCfg = AppStore|iPhone
		{CAD5F2F4-842A-4D67-A862-7668C442E8ED}.AppStore|iPhone.Build.0 = AppStore|iPhone
		{CAD5F2F4-842A-4D67-A862-7668C442E8ED}.AppStore|iPhoneSimulator.ActiveCfg = AppStore|iPhoneSimulator
		{CAD5F2F4-842A-4D67-A862-7668C442E8ED}.AppStore|iPhoneSimulator.Build.0 = AppStore|iPhoneSimulator
		{CAD5F2F4-842A-4D67-A862-7668C442E8ED}.AppStore|Mixed Platforms.ActiveCfg = AppStore|iPhone
		{CAD5F2F4-842A-4D67-A862-7668C442E8ED}.AppStore|Mixed Platforms.Build.0 = AppStore|iPhone
		{CAD5F2F4-842A-4D67-A862-7668C442E8ED}.AppStore|x64.ActiveCfg = AppStore|iPhone
		{CAD5F2F4-842A-4D67-A862-7668C442E8ED}.AppStore|x86.ActiveCfg = AppStore|iPhone
		{CAD5F2F4-842A-4D67-A862-7668C442E8ED}.Debug|Any CPU.ActiveCfg = Debug|iPhone
		{CAD5F2F4-842A-4D67-A862-7668C442E8ED}.Debug|ARM.ActiveCfg = Debug|iPhone
		{CAD5F2F4-842A-4D67-A862-7668C442E8ED}.Debug|iPhone.ActiveCfg = Debug|iPhone
		{CAD5F2F4-842A-4D67-A862-7668C442E8ED}.Debug|iPhone.Build.0 = Debug|iPhone
		{CAD5F2F4-842A-4D67-A862-7668C442E8ED}.Debug|iPhoneSimulator.ActiveCfg = Debug|iPhoneSimulator
		{CAD5F2F4-842A-4D67-A862-7668C442E8ED}.Debug|iPhoneSimulator.Build.0 = Debug|iPhoneSimulator
		{CAD5F2F4-842A-4D67-A862-7668C442E8ED}.Debug|Mixed Platforms.ActiveCfg = Debug|iPhone
		{CAD5F2F4-842A-4D67-A862-7668C442E8ED}.Debug|Mixed Platforms.Build.0 = Debug|iPhone
		{CAD5F2F4-842A-4D67-A862-7668C442E8ED}.Debug|x64.ActiveCfg = Debug|iPhone
		{CAD5F2F4-842A-4D67-A862-7668C442E8ED}.Debug|x86.ActiveCfg = Debug|iPhone
		{CAD5F2F4-842A-4D67-A862-7668C442E8ED}.Release|Any CPU.ActiveCfg = Release|iPhone
		{CAD5F2F4-842A-4D67-A862-7668C442E8ED}.Release|ARM.ActiveCfg = Release|iPhone
		{CAD5F2F4-842A-4D67-A862-7668C442E8ED}.Release|iPhone.ActiveCfg = Release|iPhone
		{CAD5F2F4-842A-4D67-A862-7668C442E8ED}.Release|iPhone.Build.0 = Release|iPhone
		{CAD5F2F4-842A-4D67-A862-7668C442E8ED}.Release|iPhoneSimulator.ActiveCfg = Release|iPhoneSimulator
		{CAD5F2F4-842A-4D67-A862-7668C442E8ED}.Release|iPhoneSimulator.Build.0 = Release|iPhoneSimulator
		{CAD5F2F4-842A-4D67-A862-7668C442E8ED}.Release|Mixed Platforms.ActiveCfg = Release|iPhone
		{CAD5F2F4-842A-4D67-A862-7668C442E8ED}.Release|Mixed Platforms.Build.0 = Release|iPhone
		{CAD5F2F4-842A-4D67-A862-7668C442E8ED}.Release|x64.ActiveCfg = Release|iPhone
		{CAD5F2F4-842A-4D67-A862-7668C442E8ED}.Release|x86.ActiveCfg = Release|iPhone
		{06FE0C81-97BD-46BA-84CA-E7E2E1284AAD}.Ad-Hoc|Any CPU.ActiveCfg = Release|Any CPU
		{06FE0C81-97BD-46BA-84CA-E7E2E1284AAD}.Ad-Hoc|Any CPU.Build.0 = Release|Any CPU
		{06FE0C81-97BD-46BA-84CA-E7E2E1284AAD}.Ad-Hoc|Any CPU.Deploy.0 = Release|Any CPU
		{06FE0C81-97BD-46BA-84CA-E7E2E1284AAD}.Ad-Hoc|ARM.ActiveCfg = Release|Any CPU
		{06FE0C81-97BD-46BA-84CA-E7E2E1284AAD}.Ad-Hoc|ARM.Build.0 = Release|Any CPU
		{06FE0C81-97BD-46BA-84CA-E7E2E1284AAD}.Ad-Hoc|ARM.Deploy.0 = Release|Any CPU
		{06FE0C81-97BD-46BA-84CA-E7E2E1284AAD}.Ad-Hoc|iPhone.ActiveCfg = Release|Any CPU
		{06FE0C81-97BD-46BA-84CA-E7E2E1284AAD}.Ad-Hoc|iPhone.Build.0 = Release|Any CPU
		{06FE0C81-97BD-46BA-84CA-E7E2E1284AAD}.Ad-Hoc|iPhone.Deploy.0 = Release|Any CPU
		{06FE0C81-97BD-46BA-84CA-E7E2E1284AAD}.Ad-Hoc|iPhoneSimulator.ActiveCfg = Release|Any CPU
		{06FE0C81-97BD-46BA-84CA-E7E2E1284AAD}.Ad-Hoc|iPhoneSimulator.Build.0 = Release|Any CPU
		{06FE0C81-97BD-46BA-84CA-E7E2E1284AAD}.Ad-Hoc|iPhoneSimulator.Deploy.0 = Release|Any CPU
		{06FE0C81-97BD-46BA-84CA-E7E2E1284AAD}.Ad-Hoc|Mixed Platforms.ActiveCfg = Release|Any CPU
		{06FE0C81-97BD-46BA-84CA-E7E2E1284AAD}.Ad-Hoc|Mixed Platforms.Build.0 = Release|Any CPU
		{06FE0C81-97BD-46BA-84CA-E7E2E1284AAD}.Ad-Hoc|Mixed Platforms.Deploy.0 = Release|Any CPU
		{06FE0C81-97BD-46BA-84CA-E7E2E1284AAD}.Ad-Hoc|x64.ActiveCfg = Release|Any CPU
		{06FE0C81-97BD-46BA-84CA-E7E2E1284AAD}.Ad-Hoc|x64.Build.0 = Release|Any CPU
		{06FE0C81-97BD-46BA-84CA-E7E2E1284AAD}.Ad-Hoc|x64.Deploy.0 = Release|Any CPU
		{06FE0C81-97BD-46BA-84CA-E7E2E1284AAD}.Ad-Hoc|x86.ActiveCfg = Release|Any CPU
		{06FE0C81-97BD-46BA-84CA-E7E2E1284AAD}.Ad-Hoc|x86.Build.0 = Release|Any CPU
		{06FE0C81-97BD-46BA-84CA-E7E2E1284AAD}.Ad-Hoc|x86.Deploy.0 = Release|Any CPU
		{06FE0C81-97BD-46BA-84CA-E7E2E1284AAD}.AppStore|Any CPU.ActiveCfg = Release|Any CPU
		{06FE0C81-97BD-46BA-84CA-E7E2E1284AAD}.AppStore|Any CPU.Build.0 = Release|Any CPU
		{06FE0C81-97BD-46BA-84CA-E7E2E1284AAD}.AppStore|Any CPU.Deploy.0 = Release|Any CPU
		{06FE0C81-97BD-46BA-84CA-E7E2E1284AAD}.AppStore|ARM.ActiveCfg = Release|Any CPU
		{06FE0C81-97BD-46BA-84CA-E7E2E1284AAD}.AppStore|ARM.Build.0 = Release|Any CPU
		{06FE0C81-97BD-46BA-84CA-E7E2E1284AAD}.AppStore|ARM.Deploy.0 = Release|Any CPU
		{06FE0C81-97BD-46BA-84CA-E7E2E1284AAD}.AppStore|iPhone.ActiveCfg = Release|Any CPU
		{06FE0C81-97BD-46BA-84CA-E7E2E1284AAD}.AppStore|iPhone.Build.0 = Release|Any CPU
		{06FE0C81-97BD-46BA-84CA-E7E2E1284AAD}.AppStore|iPhone.Deploy.0 = Release|Any CPU
		{06FE0C81-97BD-46BA-84CA-E7E2E1284AAD}.AppStore|iPhoneSimulator.ActiveCfg = Release|Any CPU
		{06FE0C81-97BD-46BA-84CA-E7E2E1284AAD}.AppStore|iPhoneSimulator.Build.0 = Release|Any CPU
		{06FE0C81-97BD-46BA-84CA-E7E2E1284AAD}.AppStore|iPhoneSimulator.Deploy.0 = Release|Any CPU
		{06FE0C81-97BD-46BA-84CA-E7E2E1284AAD}.AppStore|Mixed Platforms.ActiveCfg = Release|Any CPU
		{06FE0C81-97BD-46BA-84CA-E7E2E1284AAD}.AppStore|Mixed Platforms.Build.0 = Release|Any CPU
		{06FE0C81-97BD-46BA-84CA-E7E2E1284AAD}.AppStore|Mixed Platforms.Deploy.0 = Release|Any CPU
		{06FE0C81-97BD-46BA-84CA-E7E2E1284AAD}.AppStore|x64.ActiveCfg = Release|Any CPU
		{06FE0C81-97BD-46BA-84CA-E7E2E1284AAD}.AppStore|x64.Build.0 = Release|Any CPU
		{06FE0C81-97BD-46BA-84CA-E7E2E1284AAD}.AppStore|x64.Deploy.0 = Release|Any CPU
		{06FE0C81-97BD-46BA-84CA-E7E2E1284AAD}.AppStore|x86.ActiveCfg = Release|Any CPU
		{06FE0C81-97BD-46BA-84CA-E7E2E1284AAD}.AppStore|x86.Build.0 = Release|Any CPU
		{06FE0C81-97BD-46BA-84CA-E7E2E1284AAD}.AppStore|x86.Deploy.0 = Release|Any CPU
		{06FE0C81-97BD-46BA-84CA-E7E2E1284AAD}.Debug|Any CPU.ActiveCfg = Debug|Any CPU
		{06FE0C81-97BD-46BA-84CA-E7E2E1284AAD}.Debug|Any CPU.Build.0 = Debug|Any CPU
		{06FE0C81-97BD-46BA-84CA-E7E2E1284AAD}.Debug|Any CPU.Deploy.0 = Debug|Any CPU
		{06FE0C81-97BD-46BA-84CA-E7E2E1284AAD}.Debug|ARM.ActiveCfg = Debug|Any CPU
		{06FE0C81-97BD-46BA-84CA-E7E2E1284AAD}.Debug|ARM.Build.0 = Debug|Any CPU
		{06FE0C81-97BD-46BA-84CA-E7E2E1284AAD}.Debug|ARM.Deploy.0 = Debug|Any CPU
		{06FE0C81-97BD-46BA-84CA-E7E2E1284AAD}.Debug|iPhone.ActiveCfg = Debug|Any CPU
		{06FE0C81-97BD-46BA-84CA-E7E2E1284AAD}.Debug|iPhone.Build.0 = Debug|Any CPU
		{06FE0C81-97BD-46BA-84CA-E7E2E1284AAD}.Debug|iPhone.Deploy.0 = Debug|Any CPU
		{06FE0C81-97BD-46BA-84CA-E7E2E1284AAD}.Debug|iPhoneSimulator.ActiveCfg = Debug|Any CPU
		{06FE0C81-97BD-46BA-84CA-E7E2E1284AAD}.Debug|iPhoneSimulator.Build.0 = Debug|Any CPU
		{06FE0C81-97BD-46BA-84CA-E7E2E1284AAD}.Debug|iPhoneSimulator.Deploy.0 = Debug|Any CPU
		{06FE0C81-97BD-46BA-84CA-E7E2E1284AAD}.Debug|Mixed Platforms.ActiveCfg = Debug|Any CPU
		{06FE0C81-97BD-46BA-84CA-E7E2E1284AAD}.Debug|Mixed Platforms.Build.0 = Debug|Any CPU
		{06FE0C81-97BD-46BA-84CA-E7E2E1284AAD}.Debug|Mixed Platforms.Deploy.0 = Debug|Any CPU
		{06FE0C81-97BD-46BA-84CA-E7E2E1284AAD}.Debug|x64.ActiveCfg = Debug|Any CPU
		{06FE0C81-97BD-46BA-84CA-E7E2E1284AAD}.Debug|x64.Build.0 = Debug|Any CPU
		{06FE0C81-97BD-46BA-84CA-E7E2E1284AAD}.Debug|x64.Deploy.0 = Debug|Any CPU
		{06FE0C81-97BD-46BA-84CA-E7E2E1284AAD}.Debug|x86.ActiveCfg = Debug|Any CPU
		{06FE0C81-97BD-46BA-84CA-E7E2E1284AAD}.Debug|x86.Build.0 = Debug|Any CPU
		{06FE0C81-97BD-46BA-84CA-E7E2E1284AAD}.Debug|x86.Deploy.0 = Debug|Any CPU
		{06FE0C81-97BD-46BA-84CA-E7E2E1284AAD}.Release|Any CPU.ActiveCfg = Release|Any CPU
		{06FE0C81-97BD-46BA-84CA-E7E2E1284AAD}.Release|Any CPU.Build.0 = Release|Any CPU
		{06FE0C81-97BD-46BA-84CA-E7E2E1284AAD}.Release|Any CPU.Deploy.0 = Release|Any CPU
		{06FE0C81-97BD-46BA-84CA-E7E2E1284AAD}.Release|ARM.ActiveCfg = Release|Any CPU
		{06FE0C81-97BD-46BA-84CA-E7E2E1284AAD}.Release|ARM.Build.0 = Release|Any CPU
		{06FE0C81-97BD-46BA-84CA-E7E2E1284AAD}.Release|ARM.Deploy.0 = Release|Any CPU
		{06FE0C81-97BD-46BA-84CA-E7E2E1284AAD}.Release|iPhone.ActiveCfg = Release|Any CPU
		{06FE0C81-97BD-46BA-84CA-E7E2E1284AAD}.Release|iPhone.Build.0 = Release|Any CPU
		{06FE0C81-97BD-46BA-84CA-E7E2E1284AAD}.Release|iPhone.Deploy.0 = Release|Any CPU
		{06FE0C81-97BD-46BA-84CA-E7E2E1284AAD}.Release|iPhoneSimulator.ActiveCfg = Release|Any CPU
		{06FE0C81-97BD-46BA-84CA-E7E2E1284AAD}.Release|iPhoneSimulator.Build.0 = Release|Any CPU
		{06FE0C81-97BD-46BA-84CA-E7E2E1284AAD}.Release|iPhoneSimulator.Deploy.0 = Release|Any CPU
		{06FE0C81-97BD-46BA-84CA-E7E2E1284AAD}.Release|Mixed Platforms.ActiveCfg = Release|Any CPU
		{06FE0C81-97BD-46BA-84CA-E7E2E1284AAD}.Release|Mixed Platforms.Build.0 = Release|Any CPU
		{06FE0C81-97BD-46BA-84CA-E7E2E1284AAD}.Release|Mixed Platforms.Deploy.0 = Release|Any CPU
		{06FE0C81-97BD-46BA-84CA-E7E2E1284AAD}.Release|x64.ActiveCfg = Release|Any CPU
		{06FE0C81-97BD-46BA-84CA-E7E2E1284AAD}.Release|x64.Build.0 = Release|Any CPU
		{06FE0C81-97BD-46BA-84CA-E7E2E1284AAD}.Release|x64.Deploy.0 = Release|Any CPU
		{06FE0C81-97BD-46BA-84CA-E7E2E1284AAD}.Release|x86.ActiveCfg = Release|Any CPU
		{06FE0C81-97BD-46BA-84CA-E7E2E1284AAD}.Release|x86.Build.0 = Release|Any CPU
		{06FE0C81-97BD-46BA-84CA-E7E2E1284AAD}.Release|x86.Deploy.0 = Release|Any CPU
	EndGlobalSection
	GlobalSection(SolutionProperties) = preSolution
		HideSolutionNode = FALSE
	EndGlobalSection
EndGlobal
