
Microsoft Visual Studio Solution File, Format Version 12.00
# Visual Studio 15
VisualStudioVersion = 15.0.26206.0
MinimumVisualStudioVersion = 10.0.40219.1
Project("{D954291E-2A0B-460D-934E-DC6B0785DB48}") = "Acr.Settings.Shared", "Acr.Settings.Shared\Acr.Settings.Shared.shproj", "{62F5D64A-791E-460B-AFC4-AF26673EA4CE}"
EndProject
Project("{2150E333-8FDC-42A3-9474-1A3956D46DE8}") = "Platforms", "Platforms", "{95E24DC3-BFE7-4F15-9F1E-86DEB394F3E2}"
EndProject
Project("{FAE04EC0-301F-11D3-BF4B-00C04F79EFBC}") = "Acr.Settings.iOS", "Acr.Settings.iOS\Acr.Settings.iOS.csproj", "{2E4D0D6A-CE0C-447D-AC16-2143B62A6B25}"
EndProject
Project("{FAE04EC0-301F-11D3-BF4B-00C04F79EFBC}") = "Acr.Settings.Android", "Acr.Settings.Android\Acr.Settings.Android.csproj", "{B1019C4B-E37A-4B75-9AFC-980820320B6B}"
EndProject
Project("{2150E333-8FDC-42A3-9474-1A3956D46DE8}") = "Solution Items", "Solution Items", "{AB0D1345-2F41-41ED-9D4E-78BDD9860AFF}"
	ProjectSection(SolutionItems) = preProject
		..\nuspec\Acr.Settings.nuspec = ..\nuspec\Acr.Settings.nuspec
		..\nuspec\nuget.exe = ..\nuspec\nuget.exe
		..\nuspec\pack.cmd = ..\nuspec\pack.cmd
		..\nuspec\push.cmd = ..\nuspec\push.cmd
		..\readme.md = ..\readme.md
	EndProjectSection
EndProject
Project("{2150E333-8FDC-42A3-9474-1A3956D46DE8}") = "Tests", "Tests", "{900F6DB8-A11C-4945-A75A-FAEB853F4930}"
EndProject
Project("{FAE04EC0-301F-11D3-BF4B-00C04F79EFBC}") = "Acr.Settings.iOS.Tests", "..\tests\Acr.Settings.iOS.Tests\Acr.Settings.iOS.Tests.csproj", "{CAD5F2F4-842A-4D67-A862-7668C442E8ED}"
EndProject
Project("{FAE04EC0-301F-11D3-BF4B-00C04F79EFBC}") = "Acr.Settings.Android.Tests", "..\tests\Acr.Settings.Android.Tests\Acr.Settings.Android.Tests.csproj", "{06FE0C81-97BD-46BA-84CA-E7E2E1284AAD}"
EndProject
Project("{D954291E-2A0B-460D-934E-DC6B0785DB48}") = "Acr.Settings.Tests", "..\tests\Acr.Settings.Tests\Acr.Settings.Tests.shproj", "{190B3C22-2763-4316-A93A-631995EB07AD}"
EndProject
Project("{FAE04EC0-301F-11D3-BF4B-00C04F79EFBC}") = "Acr.Settings.Mac", "Acr.Settings.Mac\Acr.Settings.Mac.csproj", "{F3ACF891-B8BE-4526-9EED-A7DF80EBF665}"
EndProject
Project("{FAE04EC0-301F-11D3-BF4B-00C04F79EFBC}") = "Acr.Settings.Net", "Acr.Settings.Net\Acr.Settings.Net.csproj", "{B8F9CFF9-E968-4AA3-A684-1A48A9B05869}"
EndProject
Project("{FAE04EC0-301F-11D3-BF4B-00C04F79EFBC}") = "Acr.Settings.Abstractions", "Acr.Settings.Abstractions\Acr.Settings.Abstractions.csproj", "{4B8AF987-A937-4D99-911A-E836E5798FB2}"
EndProject
Project("{FAE04EC0-301F-11D3-BF4B-00C04F79EFBC}") = "Acr.Settings", "Acr.Settings\Acr.Settings.csproj", "{0E342D48-B30E-4E3D-BB2E-74DE97457255}"
EndProject
Project("{FAE04EC0-301F-11D3-BF4B-00C04F79EFBC}") = "Acr.Settings.Uwp", "Acr.Settings.Uwp\Acr.Settings.Uwp.csproj", "{7C727891-1217-4E19-AD74-67BAC9D15EFB}"
EndProject
Project("{D954291E-2A0B-460D-934E-DC6B0785DB48}") = "Acr.Settings.Apple.Shared", "Acr.Settings.Apple.Shared\Acr.Settings.Apple.Shared.shproj", "{71E91E25-E8A3-4840-8DE6-BDD492FA35CF}"
EndProject
Project("{FAE04EC0-301F-11D3-BF4B-00C04F79EFBC}") = "Acr.Settings.tvOS", "Acr.Settings.tvOS\Acr.Settings.tvOS.csproj", "{A601E533-34B2-4209-962C-60C97D96F72B}"
EndProject
Project("{2150E333-8FDC-42A3-9474-1A3956D46DE8}") = "Apple", "Apple", "{AEE77517-4F61-436D-8001-D2A67DB659AE}"
EndProject
Global
	GlobalSection(SharedMSBuildProjectFiles) = preSolution
		..\tests\Acr.Settings.Tests\Acr.Settings.Tests.projitems*{06fe0c81-97bd-46ba-84ca-e7e2e1284aad}*SharedItemsImports = 4
		..\tests\Acr.Settings.Tests\Acr.Settings.Tests.projitems*{190b3c22-2763-4316-a93a-631995eb07ad}*SharedItemsImports = 13
		Acr.Settings.Apple.Shared\Acr.Settings.Apple.Shared.projitems*{2e4d0d6a-ce0c-447d-ac16-2143b62a6b25}*SharedItemsImports = 4
		Acr.Settings.Shared\Acr.Settings.Shared.projitems*{2e4d0d6a-ce0c-447d-ac16-2143b62a6b25}*SharedItemsImports = 4
		Acr.Settings.Shared\Acr.Settings.Shared.projitems*{62f5d64a-791e-460b-afc4-af26673ea4ce}*SharedItemsImports = 13
		Acr.Settings.Apple.Shared\Acr.Settings.Apple.Shared.projitems*{71e91e25-e8a3-4840-8de6-bdd492fa35cf}*SharedItemsImports = 13
		Acr.Settings.Shared\Acr.Settings.Shared.projitems*{7c727891-1217-4e19-ad74-67bac9d15efb}*SharedItemsImports = 4
		Acr.Settings.Apple.Shared\Acr.Settings.Apple.Shared.projitems*{b1019c4b-e37a-4b75-9afc-980820320b6b}*SharedItemsImports = 4
		Acr.Settings.Shared\Acr.Settings.Shared.projitems*{b1019c4b-e37a-4b75-9afc-980820320b6b}*SharedItemsImports = 4
		..\tests\Acr.Settings.Tests\Acr.Settings.Tests.projitems*{cad5f2f4-842a-4d67-a862-7668c442e8ed}*SharedItemsImports = 4
		Acr.Settings.Apple.Shared\Acr.Settings.Apple.Shared.projitems*{f3acf891-b8be-4526-9eed-a7df80ebf665}*SharedItemsImports = 4
		Acr.Settings.Shared\Acr.Settings.Shared.projitems*{f3acf891-b8be-4526-9eed-a7df80ebf665}*SharedItemsImports = 4
	EndGlobalSection
	GlobalSection(SolutionConfigurationPlatforms) = preSolution
		Ad-Hoc|Any CPU = Ad-Hoc|Any CPU
		Ad-Hoc|ARM = Ad-Hoc|ARM
		Ad-Hoc|iPhone = Ad-Hoc|iPhone
		Ad-Hoc|iPhoneSimulator = Ad-Hoc|iPhoneSimulator
		Ad-Hoc|Mixed Platforms = Ad-Hoc|Mixed Platforms
		Ad-Hoc|x64 = Ad-Hoc|x64
		Ad-Hoc|x86 = Ad-Hoc|x86
		AppStore|Any CPU = AppStore|Any CPU
		AppStore|ARM = AppStore|ARM
		AppStore|iPhone = AppStore|iPhone
		AppStore|iPhoneSimulator = AppStore|iPhoneSimulator
		AppStore|Mixed Platforms = AppStore|Mixed Platforms
		AppStore|x64 = AppStore|x64
		AppStore|x86 = AppStore|x86
		Debug|Any CPU = Debug|Any CPU
		Debug|ARM = Debug|ARM
		Debug|iPhone = Debug|iPhone
		Debug|iPhoneSimulator = Debug|iPhoneSimulator
		Debug|Mixed Platforms = Debug|Mixed Platforms
		Debug|x64 = Debug|x64
		Debug|x86 = Debug|x86
		Release|Any CPU = Release|Any CPU
		Release|ARM = Release|ARM
		Release|iPhone = Release|iPhone
		Release|iPhoneSimulator = Release|iPhoneSimulator
		Release|Mixed Platforms = Release|Mixed Platforms
		Release|x64 = Release|x64
		Release|x86 = Release|x86
	EndGlobalSection
	GlobalSection(ProjectConfigurationPlatforms) = postSolution
		{2E4D0D6A-CE0C-447D-AC16-2143B62A6B25}.Ad-Hoc|Any CPU.ActiveCfg = Release|Any CPU
		{2E4D0D6A-CE0C-447D-AC16-2143B62A6B25}.Ad-Hoc|Any CPU.Build.0 = Release|Any CPU
		{2E4D0D6A-CE0C-447D-AC16-2143B62A6B25}.Ad-Hoc|ARM.ActiveCfg = Debug|Any CPU
		{2E4D0D6A-CE0C-447D-AC16-2143B62A6B25}.Ad-Hoc|iPhone.ActiveCfg = Release|Any CPU
		{2E4D0D6A-CE0C-447D-AC16-2143B62A6B25}.Ad-Hoc|iPhoneSimulator.ActiveCfg = Release|Any CPU
		{2E4D0D6A-CE0C-447D-AC16-2143B62A6B25}.Ad-Hoc|Mixed Platforms.ActiveCfg = Release|Any CPU
		{2E4D0D6A-CE0C-447D-AC16-2143B62A6B25}.Ad-Hoc|Mixed Platforms.Build.0 = Release|Any CPU
		{2E4D0D6A-CE0C-447D-AC16-2143B62A6B25}.Ad-Hoc|x64.ActiveCfg = Debug|Any CPU
		{2E4D0D6A-CE0C-447D-AC16-2143B62A6B25}.Ad-Hoc|x86.ActiveCfg = Debug|Any CPU
		{2E4D0D6A-CE0C-447D-AC16-2143B62A6B25}.AppStore|Any CPU.ActiveCfg = Release|Any CPU
		{2E4D0D6A-CE0C-447D-AC16-2143B62A6B25}.AppStore|Any CPU.Build.0 = Release|Any CPU
		{2E4D0D6A-CE0C-447D-AC16-2143B62A6B25}.AppStore|ARM.ActiveCfg = Debug|Any CPU
		{2E4D0D6A-CE0C-447D-AC16-2143B62A6B25}.AppStore|iPhone.ActiveCfg = Release|Any CPU
		{2E4D0D6A-CE0C-447D-AC16-2143B62A6B25}.AppStore|iPhoneSimulator.ActiveCfg = Release|Any CPU
		{2E4D0D6A-CE0C-447D-AC16-2143B62A6B25}.AppStore|Mixed Platforms.ActiveCfg = Release|Any CPU
		{2E4D0D6A-CE0C-447D-AC16-2143B62A6B25}.AppStore|Mixed Platforms.Build.0 = Release|Any CPU
		{2E4D0D6A-CE0C-447D-AC16-2143B62A6B25}.AppStore|x64.ActiveCfg = Debug|Any CPU
		{2E4D0D6A-CE0C-447D-AC16-2143B62A6B25}.AppStore|x86.ActiveCfg = Debug|Any CPU
		{2E4D0D6A-CE0C-447D-AC16-2143B62A6B25}.Debug|Any CPU.ActiveCfg = Debug|Any CPU
		{2E4D0D6A-CE0C-447D-AC16-2143B62A6B25}.Debug|Any CPU.Build.0 = Debug|Any CPU
		{2E4D0D6A-CE0C-447D-AC16-2143B62A6B25}.Debug|ARM.ActiveCfg = Debug|Any CPU
		{2E4D0D6A-CE0C-447D-AC16-2143B62A6B25}.Debug|iPhone.ActiveCfg = Debug|Any CPU
		{2E4D0D6A-CE0C-447D-AC16-2143B62A6B25}.Debug|iPhoneSimulator.ActiveCfg = Debug|Any CPU
		{2E4D0D6A-CE0C-447D-AC16-2143B62A6B25}.Debug|iPhoneSimulator.Build.0 = Debug|Any CPU
		{2E4D0D6A-CE0C-447D-AC16-2143B62A6B25}.Debug|Mixed Platforms.ActiveCfg = Debug|Any CPU
		{2E4D0D6A-CE0C-447D-AC16-2143B62A6B25}.Debug|Mixed Platforms.Build.0 = Debug|Any CPU
		{2E4D0D6A-CE0C-447D-AC16-2143B62A6B25}.Debug|x64.ActiveCfg = Debug|Any CPU
		{2E4D0D6A-CE0C-447D-AC16-2143B62A6B25}.Debug|x86.ActiveCfg = Debug|Any CPU
		{2E4D0D6A-CE0C-447D-AC16-2143B62A6B25}.Release|Any CPU.ActiveCfg = Release|Any CPU
		{2E4D0D6A-CE0C-447D-AC16-2143B62A6B25}.Release|Any CPU.Build.0 = Release|Any CPU
		{2E4D0D6A-CE0C-447D-AC16-2143B62A6B25}.Release|ARM.ActiveCfg = Release|Any CPU
		{2E4D0D6A-CE0C-447D-AC16-2143B62A6B25}.Release|iPhone.ActiveCfg = Release|Any CPU
		{2E4D0D6A-CE0C-447D-AC16-2143B62A6B25}.Release|iPhoneSimulator.ActiveCfg = Release|Any CPU
		{2E4D0D6A-CE0C-447D-AC16-2143B62A6B25}.Release|Mixed Platforms.ActiveCfg = Release|Any CPU
		{2E4D0D6A-CE0C-447D-AC16-2143B62A6B25}.Release|Mixed Platforms.Build.0 = Release|Any CPU
		{2E4D0D6A-CE0C-447D-AC16-2143B62A6B25}.Release|x64.ActiveCfg = Release|Any CPU
		{2E4D0D6A-CE0C-447D-AC16-2143B62A6B25}.Release|x86.ActiveCfg = Release|Any CPU
		{B1019C4B-E37A-4B75-9AFC-980820320B6B}.Ad-Hoc|Any CPU.ActiveCfg = Release|Any CPU
		{B1019C4B-E37A-4B75-9AFC-980820320B6B}.Ad-Hoc|Any CPU.Build.0 = Release|Any CPU
		{B1019C4B-E37A-4B75-9AFC-980820320B6B}.Ad-Hoc|ARM.ActiveCfg = Debug|Any CPU
		{B1019C4B-E37A-4B75-9AFC-980820320B6B}.Ad-Hoc|iPhone.ActiveCfg = Release|Any CPU
		{B1019C4B-E37A-4B75-9AFC-980820320B6B}.Ad-Hoc|iPhoneSimulator.ActiveCfg = Release|Any CPU
		{B1019C4B-E37A-4B75-9AFC-980820320B6B}.Ad-Hoc|Mixed Platforms.ActiveCfg = Release|Any CPU
		{B1019C4B-E37A-4B75-9AFC-980820320B6B}.Ad-Hoc|Mixed Platforms.Build.0 = Release|Any CPU
		{B1019C4B-E37A-4B75-9AFC-980820320B6B}.Ad-Hoc|x64.ActiveCfg = Debug|Any CPU
		{B1019C4B-E37A-4B75-9AFC-980820320B6B}.Ad-Hoc|x86.ActiveCfg = Debug|Any CPU
		{B1019C4B-E37A-4B75-9AFC-980820320B6B}.AppStore|Any CPU.ActiveCfg = Release|Any CPU
		{B1019C4B-E37A-4B75-9AFC-980820320B6B}.AppStore|Any CPU.Build.0 = Release|Any CPU
		{B1019C4B-E37A-4B75-9AFC-980820320B6B}.AppStore|ARM.ActiveCfg = Debug|Any CPU
		{B1019C4B-E37A-4B75-9AFC-980820320B6B}.AppStore|iPhone.ActiveCfg = Release|Any CPU
		{B1019C4B-E37A-4B75-9AFC-980820320B6B}.AppStore|iPhoneSimulator.ActiveCfg = Release|Any CPU
		{B1019C4B-E37A-4B75-9AFC-980820320B6B}.AppStore|Mixed Platforms.ActiveCfg = Release|Any CPU
		{B1019C4B-E37A-4B75-9AFC-980820320B6B}.AppStore|Mixed Platforms.Build.0 = Release|Any CPU
		{B1019C4B-E37A-4B75-9AFC-980820320B6B}.AppStore|x64.ActiveCfg = Debug|Any CPU
		{B1019C4B-E37A-4B75-9AFC-980820320B6B}.AppStore|x86.ActiveCfg = Debug|Any CPU
		{B1019C4B-E37A-4B75-9AFC-980820320B6B}.Debug|Any CPU.ActiveCfg = Debug|Any CPU
		{B1019C4B-E37A-4B75-9AFC-980820320B6B}.Debug|Any CPU.Build.0 = Debug|Any CPU
		{B1019C4B-E37A-4B75-9AFC-980820320B6B}.Debug|ARM.ActiveCfg = Debug|Any CPU
		{B1019C4B-E37A-4B75-9AFC-980820320B6B}.Debug|iPhone.ActiveCfg = Debug|Any CPU
		{B1019C4B-E37A-4B75-9AFC-980820320B6B}.Debug|iPhoneSimulator.ActiveCfg = Debug|Any CPU
		{B1019C4B-E37A-4B75-9AFC-980820320B6B}.Debug|iPhoneSimulator.Build.0 = Debug|Any CPU
		{B1019C4B-E37A-4B75-9AFC-980820320B6B}.Debug|Mixed Platforms.ActiveCfg = Debug|Any CPU
		{B1019C4B-E37A-4B75-9AFC-980820320B6B}.Debug|Mixed Platforms.Build.0 = Debug|Any CPU
		{B1019C4B-E37A-4B75-9AFC-980820320B6B}.Debug|x64.ActiveCfg = Debug|Any CPU
		{B1019C4B-E37A-4B75-9AFC-980820320B6B}.Debug|x86.ActiveCfg = Debug|Any CPU
		{B1019C4B-E37A-4B75-9AFC-980820320B6B}.Release|Any CPU.ActiveCfg = Release|Any CPU
		{B1019C4B-E37A-4B75-9AFC-980820320B6B}.Release|Any CPU.Build.0 = Release|Any CPU
		{B1019C4B-E37A-4B75-9AFC-980820320B6B}.Release|ARM.ActiveCfg = Release|Any CPU
		{B1019C4B-E37A-4B75-9AFC-980820320B6B}.Release|iPhone.ActiveCfg = Release|Any CPU
		{B1019C4B-E37A-4B75-9AFC-980820320B6B}.Release|iPhoneSimulator.ActiveCfg = Release|Any CPU
		{B1019C4B-E37A-4B75-9AFC-980820320B6B}.Release|Mixed Platforms.ActiveCfg = Release|Any CPU
		{B1019C4B-E37A-4B75-9AFC-980820320B6B}.Release|Mixed Platforms.Build.0 = Release|Any CPU
		{B1019C4B-E37A-4B75-9AFC-980820320B6B}.Release|x64.ActiveCfg = Release|Any CPU
		{B1019C4B-E37A-4B75-9AFC-980820320B6B}.Release|x86.ActiveCfg = Release|Any CPU
		{CAD5F2F4-842A-4D67-A862-7668C442E8ED}.Ad-Hoc|Any CPU.ActiveCfg = Ad-Hoc|iPhone
		{CAD5F2F4-842A-4D67-A862-7668C442E8ED}.Ad-Hoc|ARM.ActiveCfg = Ad-Hoc|iPhoneSimulator
		{CAD5F2F4-842A-4D67-A862-7668C442E8ED}.Ad-Hoc|iPhone.ActiveCfg = Ad-Hoc|iPhone
		{CAD5F2F4-842A-4D67-A862-7668C442E8ED}.Ad-Hoc|iPhone.Build.0 = Ad-Hoc|iPhone
		{CAD5F2F4-842A-4D67-A862-7668C442E8ED}.Ad-Hoc|iPhoneSimulator.ActiveCfg = Ad-Hoc|iPhoneSimulator
		{CAD5F2F4-842A-4D67-A862-7668C442E8ED}.Ad-Hoc|iPhoneSimulator.Build.0 = Ad-Hoc|iPhoneSimulator
		{CAD5F2F4-842A-4D67-A862-7668C442E8ED}.Ad-Hoc|Mixed Platforms.ActiveCfg = Ad-Hoc|iPhone
		{CAD5F2F4-842A-4D67-A862-7668C442E8ED}.Ad-Hoc|Mixed Platforms.Build.0 = Ad-Hoc|iPhone
		{CAD5F2F4-842A-4D67-A862-7668C442E8ED}.Ad-Hoc|x64.ActiveCfg = Ad-Hoc|iPhoneSimulator
		{CAD5F2F4-842A-4D67-A862-7668C442E8ED}.Ad-Hoc|x86.ActiveCfg = Ad-Hoc|iPhoneSimulator
		{CAD5F2F4-842A-4D67-A862-7668C442E8ED}.AppStore|Any CPU.ActiveCfg = AppStore|iPhone
		{CAD5F2F4-842A-4D67-A862-7668C442E8ED}.AppStore|ARM.ActiveCfg = AppStore|iPhoneSimulator
		{CAD5F2F4-842A-4D67-A862-7668C442E8ED}.AppStore|iPhone.ActiveCfg = AppStore|iPhone
		{CAD5F2F4-842A-4D67-A862-7668C442E8ED}.AppStore|iPhone.Build.0 = AppStore|iPhone
		{CAD5F2F4-842A-4D67-A862-7668C442E8ED}.AppStore|iPhoneSimulator.ActiveCfg = AppStore|iPhoneSimulator
		{CAD5F2F4-842A-4D67-A862-7668C442E8ED}.AppStore|iPhoneSimulator.Build.0 = AppStore|iPhoneSimulator
		{CAD5F2F4-842A-4D67-A862-7668C442E8ED}.AppStore|Mixed Platforms.ActiveCfg = AppStore|iPhone
		{CAD5F2F4-842A-4D67-A862-7668C442E8ED}.AppStore|Mixed Platforms.Build.0 = AppStore|iPhone
		{CAD5F2F4-842A-4D67-A862-7668C442E8ED}.AppStore|x64.ActiveCfg = AppStore|iPhoneSimulator
		{CAD5F2F4-842A-4D67-A862-7668C442E8ED}.AppStore|x86.ActiveCfg = AppStore|iPhoneSimulator
		{CAD5F2F4-842A-4D67-A862-7668C442E8ED}.Debug|Any CPU.ActiveCfg = Debug|iPhone
		{CAD5F2F4-842A-4D67-A862-7668C442E8ED}.Debug|ARM.ActiveCfg = Debug|iPhoneSimulator
		{CAD5F2F4-842A-4D67-A862-7668C442E8ED}.Debug|iPhone.ActiveCfg = Debug|iPhone
		{CAD5F2F4-842A-4D67-A862-7668C442E8ED}.Debug|iPhone.Build.0 = Debug|iPhone
		{CAD5F2F4-842A-4D67-A862-7668C442E8ED}.Debug|iPhoneSimulator.ActiveCfg = Debug|iPhoneSimulator
		{CAD5F2F4-842A-4D67-A862-7668C442E8ED}.Debug|iPhoneSimulator.Build.0 = Debug|iPhoneSimulator
		{CAD5F2F4-842A-4D67-A862-7668C442E8ED}.Debug|Mixed Platforms.ActiveCfg = Debug|iPhone
		{CAD5F2F4-842A-4D67-A862-7668C442E8ED}.Debug|Mixed Platforms.Build.0 = Debug|iPhone
		{CAD5F2F4-842A-4D67-A862-7668C442E8ED}.Debug|x64.ActiveCfg = Debug|iPhoneSimulator
		{CAD5F2F4-842A-4D67-A862-7668C442E8ED}.Debug|x86.ActiveCfg = Debug|iPhoneSimulator
		{CAD5F2F4-842A-4D67-A862-7668C442E8ED}.Release|Any CPU.ActiveCfg = Release|iPhone
		{CAD5F2F4-842A-4D67-A862-7668C442E8ED}.Release|ARM.ActiveCfg = Release|iPhoneSimulator
		{CAD5F2F4-842A-4D67-A862-7668C442E8ED}.Release|iPhone.ActiveCfg = Release|iPhone
		{CAD5F2F4-842A-4D67-A862-7668C442E8ED}.Release|iPhone.Build.0 = Release|iPhone
		{CAD5F2F4-842A-4D67-A862-7668C442E8ED}.Release|iPhoneSimulator.ActiveCfg = Release|iPhoneSimulator
		{CAD5F2F4-842A-4D67-A862-7668C442E8ED}.Release|iPhoneSimulator.Build.0 = Release|iPhoneSimulator
		{CAD5F2F4-842A-4D67-A862-7668C442E8ED}.Release|Mixed Platforms.ActiveCfg = Release|iPhone
		{CAD5F2F4-842A-4D67-A862-7668C442E8ED}.Release|Mixed Platforms.Build.0 = Release|iPhone
		{CAD5F2F4-842A-4D67-A862-7668C442E8ED}.Release|x64.ActiveCfg = Release|iPhoneSimulator
		{CAD5F2F4-842A-4D67-A862-7668C442E8ED}.Release|x86.ActiveCfg = Release|iPhoneSimulator
		{06FE0C81-97BD-46BA-84CA-E7E2E1284AAD}.Ad-Hoc|Any CPU.ActiveCfg = Release|Any CPU
		{06FE0C81-97BD-46BA-84CA-E7E2E1284AAD}.Ad-Hoc|Any CPU.Build.0 = Release|Any CPU
		{06FE0C81-97BD-46BA-84CA-E7E2E1284AAD}.Ad-Hoc|Any CPU.Deploy.0 = Release|Any CPU
		{06FE0C81-97BD-46BA-84CA-E7E2E1284AAD}.Ad-Hoc|ARM.ActiveCfg = Debug|Any CPU
		{06FE0C81-97BD-46BA-84CA-E7E2E1284AAD}.Ad-Hoc|iPhone.ActiveCfg = Release|Any CPU
		{06FE0C81-97BD-46BA-84CA-E7E2E1284AAD}.Ad-Hoc|iPhoneSimulator.ActiveCfg = Release|Any CPU
		{06FE0C81-97BD-46BA-84CA-E7E2E1284AAD}.Ad-Hoc|Mixed Platforms.ActiveCfg = Release|Any CPU
		{06FE0C81-97BD-46BA-84CA-E7E2E1284AAD}.Ad-Hoc|Mixed Platforms.Build.0 = Release|Any CPU
		{06FE0C81-97BD-46BA-84CA-E7E2E1284AAD}.Ad-Hoc|Mixed Platforms.Deploy.0 = Release|Any CPU
		{06FE0C81-97BD-46BA-84CA-E7E2E1284AAD}.Ad-Hoc|x64.ActiveCfg = Debug|Any CPU
		{06FE0C81-97BD-46BA-84CA-E7E2E1284AAD}.Ad-Hoc|x86.ActiveCfg = Debug|Any CPU
		{06FE0C81-97BD-46BA-84CA-E7E2E1284AAD}.AppStore|Any CPU.ActiveCfg = Release|Any CPU
		{06FE0C81-97BD-46BA-84CA-E7E2E1284AAD}.AppStore|Any CPU.Build.0 = Release|Any CPU
		{06FE0C81-97BD-46BA-84CA-E7E2E1284AAD}.AppStore|Any CPU.Deploy.0 = Release|Any CPU
		{06FE0C81-97BD-46BA-84CA-E7E2E1284AAD}.AppStore|ARM.ActiveCfg = Debug|Any CPU
		{06FE0C81-97BD-46BA-84CA-E7E2E1284AAD}.AppStore|iPhone.ActiveCfg = Release|Any CPU
		{06FE0C81-97BD-46BA-84CA-E7E2E1284AAD}.AppStore|iPhoneSimulator.ActiveCfg = Release|Any CPU
		{06FE0C81-97BD-46BA-84CA-E7E2E1284AAD}.AppStore|Mixed Platforms.ActiveCfg = Release|Any CPU
		{06FE0C81-97BD-46BA-84CA-E7E2E1284AAD}.AppStore|Mixed Platforms.Build.0 = Release|Any CPU
		{06FE0C81-97BD-46BA-84CA-E7E2E1284AAD}.AppStore|Mixed Platforms.Deploy.0 = Release|Any CPU
		{06FE0C81-97BD-46BA-84CA-E7E2E1284AAD}.AppStore|x64.ActiveCfg = Debug|Any CPU
		{06FE0C81-97BD-46BA-84CA-E7E2E1284AAD}.AppStore|x86.ActiveCfg = Debug|Any CPU
		{06FE0C81-97BD-46BA-84CA-E7E2E1284AAD}.Debug|Any CPU.ActiveCfg = Debug|Any CPU
		{06FE0C81-97BD-46BA-84CA-E7E2E1284AAD}.Debug|Any CPU.Build.0 = Debug|Any CPU
		{06FE0C81-97BD-46BA-84CA-E7E2E1284AAD}.Debug|Any CPU.Deploy.0 = Debug|Any CPU
		{06FE0C81-97BD-46BA-84CA-E7E2E1284AAD}.Debug|ARM.ActiveCfg = Debug|Any CPU
		{06FE0C81-97BD-46BA-84CA-E7E2E1284AAD}.Debug|iPhone.ActiveCfg = Debug|Any CPU
		{06FE0C81-97BD-46BA-84CA-E7E2E1284AAD}.Debug|iPhoneSimulator.ActiveCfg = Debug|Any CPU
		{06FE0C81-97BD-46BA-84CA-E7E2E1284AAD}.Debug|iPhoneSimulator.Build.0 = Debug|Any CPU
		{06FE0C81-97BD-46BA-84CA-E7E2E1284AAD}.Debug|Mixed Platforms.ActiveCfg = Debug|Any CPU
		{06FE0C81-97BD-46BA-84CA-E7E2E1284AAD}.Debug|Mixed Platforms.Build.0 = Debug|Any CPU
		{06FE0C81-97BD-46BA-84CA-E7E2E1284AAD}.Debug|Mixed Platforms.Deploy.0 = Debug|Any CPU
		{06FE0C81-97BD-46BA-84CA-E7E2E1284AAD}.Debug|x64.ActiveCfg = Debug|Any CPU
		{06FE0C81-97BD-46BA-84CA-E7E2E1284AAD}.Debug|x86.ActiveCfg = Debug|Any CPU
		{06FE0C81-97BD-46BA-84CA-E7E2E1284AAD}.Release|Any CPU.ActiveCfg = Release|Any CPU
		{06FE0C81-97BD-46BA-84CA-E7E2E1284AAD}.Release|Any CPU.Build.0 = Release|Any CPU
		{06FE0C81-97BD-46BA-84CA-E7E2E1284AAD}.Release|Any CPU.Deploy.0 = Release|Any CPU
		{06FE0C81-97BD-46BA-84CA-E7E2E1284AAD}.Release|ARM.ActiveCfg = Release|Any CPU
		{06FE0C81-97BD-46BA-84CA-E7E2E1284AAD}.Release|iPhone.ActiveCfg = Release|Any CPU
		{06FE0C81-97BD-46BA-84CA-E7E2E1284AAD}.Release|iPhoneSimulator.ActiveCfg = Release|Any CPU
		{06FE0C81-97BD-46BA-84CA-E7E2E1284AAD}.Release|Mixed Platforms.ActiveCfg = Release|Any CPU
		{06FE0C81-97BD-46BA-84CA-E7E2E1284AAD}.Release|Mixed Platforms.Build.0 = Release|Any CPU
		{06FE0C81-97BD-46BA-84CA-E7E2E1284AAD}.Release|Mixed Platforms.Deploy.0 = Release|Any CPU
		{06FE0C81-97BD-46BA-84CA-E7E2E1284AAD}.Release|x64.ActiveCfg = Release|Any CPU
		{06FE0C81-97BD-46BA-84CA-E7E2E1284AAD}.Release|x86.ActiveCfg = Release|Any CPU
		{F3ACF891-B8BE-4526-9EED-A7DF80EBF665}.Ad-Hoc|Any CPU.ActiveCfg = Release|Any CPU
		{F3ACF891-B8BE-4526-9EED-A7DF80EBF665}.Ad-Hoc|Any CPU.Build.0 = Release|Any CPU
		{F3ACF891-B8BE-4526-9EED-A7DF80EBF665}.Ad-Hoc|ARM.ActiveCfg = Release|Any CPU
		{F3ACF891-B8BE-4526-9EED-A7DF80EBF665}.Ad-Hoc|ARM.Build.0 = Release|Any CPU
		{F3ACF891-B8BE-4526-9EED-A7DF80EBF665}.Ad-Hoc|iPhone.ActiveCfg = Release|Any CPU
		{F3ACF891-B8BE-4526-9EED-A7DF80EBF665}.Ad-Hoc|iPhone.Build.0 = Release|Any CPU
		{F3ACF891-B8BE-4526-9EED-A7DF80EBF665}.Ad-Hoc|iPhoneSimulator.ActiveCfg = Release|Any CPU
		{F3ACF891-B8BE-4526-9EED-A7DF80EBF665}.Ad-Hoc|iPhoneSimulator.Build.0 = Release|Any CPU
		{F3ACF891-B8BE-4526-9EED-A7DF80EBF665}.Ad-Hoc|Mixed Platforms.ActiveCfg = Release|Any CPU
		{F3ACF891-B8BE-4526-9EED-A7DF80EBF665}.Ad-Hoc|Mixed Platforms.Build.0 = Release|Any CPU
		{F3ACF891-B8BE-4526-9EED-A7DF80EBF665}.Ad-Hoc|x64.ActiveCfg = Release|Any CPU
		{F3ACF891-B8BE-4526-9EED-A7DF80EBF665}.Ad-Hoc|x64.Build.0 = Release|Any CPU
		{F3ACF891-B8BE-4526-9EED-A7DF80EBF665}.Ad-Hoc|x86.ActiveCfg = Release|Any CPU
		{F3ACF891-B8BE-4526-9EED-A7DF80EBF665}.Ad-Hoc|x86.Build.0 = Release|Any CPU
		{F3ACF891-B8BE-4526-9EED-A7DF80EBF665}.AppStore|Any CPU.ActiveCfg = Release|Any CPU
		{F3ACF891-B8BE-4526-9EED-A7DF80EBF665}.AppStore|Any CPU.Build.0 = Release|Any CPU
		{F3ACF891-B8BE-4526-9EED-A7DF80EBF665}.AppStore|ARM.ActiveCfg = Release|Any CPU
		{F3ACF891-B8BE-4526-9EED-A7DF80EBF665}.AppStore|ARM.Build.0 = Release|Any CPU
		{F3ACF891-B8BE-4526-9EED-A7DF80EBF665}.AppStore|iPhone.ActiveCfg = Release|Any CPU
		{F3ACF891-B8BE-4526-9EED-A7DF80EBF665}.AppStore|iPhone.Build.0 = Release|Any CPU
		{F3ACF891-B8BE-4526-9EED-A7DF80EBF665}.AppStore|iPhoneSimulator.ActiveCfg = Release|Any CPU
		{F3ACF891-B8BE-4526-9EED-A7DF80EBF665}.AppStore|iPhoneSimulator.Build.0 = Release|Any CPU
		{F3ACF891-B8BE-4526-9EED-A7DF80EBF665}.AppStore|Mixed Platforms.ActiveCfg = Release|Any CPU
		{F3ACF891-B8BE-4526-9EED-A7DF80EBF665}.AppStore|Mixed Platforms.Build.0 = Release|Any CPU
		{F3ACF891-B8BE-4526-9EED-A7DF80EBF665}.AppStore|x64.ActiveCfg = Release|Any CPU
		{F3ACF891-B8BE-4526-9EED-A7DF80EBF665}.AppStore|x64.Build.0 = Release|Any CPU
		{F3ACF891-B8BE-4526-9EED-A7DF80EBF665}.AppStore|x86.ActiveCfg = Release|Any CPU
		{F3ACF891-B8BE-4526-9EED-A7DF80EBF665}.AppStore|x86.Build.0 = Release|Any CPU
		{F3ACF891-B8BE-4526-9EED-A7DF80EBF665}.Debug|Any CPU.ActiveCfg = Debug|Any CPU
		{F3ACF891-B8BE-4526-9EED-A7DF80EBF665}.Debug|Any CPU.Build.0 = Debug|Any CPU
		{F3ACF891-B8BE-4526-9EED-A7DF80EBF665}.Debug|ARM.ActiveCfg = Debug|Any CPU
		{F3ACF891-B8BE-4526-9EED-A7DF80EBF665}.Debug|ARM.Build.0 = Debug|Any CPU
		{F3ACF891-B8BE-4526-9EED-A7DF80EBF665}.Debug|iPhone.ActiveCfg = Debug|Any CPU
		{F3ACF891-B8BE-4526-9EED-A7DF80EBF665}.Debug|iPhone.Build.0 = Debug|Any CPU
		{F3ACF891-B8BE-4526-9EED-A7DF80EBF665}.Debug|iPhoneSimulator.ActiveCfg = Debug|Any CPU
		{F3ACF891-B8BE-4526-9EED-A7DF80EBF665}.Debug|iPhoneSimulator.Build.0 = Debug|Any CPU
		{F3ACF891-B8BE-4526-9EED-A7DF80EBF665}.Debug|Mixed Platforms.ActiveCfg = Debug|Any CPU
		{F3ACF891-B8BE-4526-9EED-A7DF80EBF665}.Debug|Mixed Platforms.Build.0 = Debug|Any CPU
		{F3ACF891-B8BE-4526-9EED-A7DF80EBF665}.Debug|x64.ActiveCfg = Debug|Any CPU
		{F3ACF891-B8BE-4526-9EED-A7DF80EBF665}.Debug|x64.Build.0 = Debug|Any CPU
		{F3ACF891-B8BE-4526-9EED-A7DF80EBF665}.Debug|x86.ActiveCfg = Debug|Any CPU
		{F3ACF891-B8BE-4526-9EED-A7DF80EBF665}.Debug|x86.Build.0 = Debug|Any CPU
		{F3ACF891-B8BE-4526-9EED-A7DF80EBF665}.Release|Any CPU.ActiveCfg = Release|Any CPU
		{F3ACF891-B8BE-4526-9EED-A7DF80EBF665}.Release|Any CPU.Build.0 = Release|Any CPU
		{F3ACF891-B8BE-4526-9EED-A7DF80EBF665}.Release|ARM.ActiveCfg = Release|Any CPU
		{F3ACF891-B8BE-4526-9EED-A7DF80EBF665}.Release|ARM.Build.0 = Release|Any CPU
		{F3ACF891-B8BE-4526-9EED-A7DF80EBF665}.Release|iPhone.ActiveCfg = Release|Any CPU
		{F3ACF891-B8BE-4526-9EED-A7DF80EBF665}.Release|iPhone.Build.0 = Release|Any CPU
		{F3ACF891-B8BE-4526-9EED-A7DF80EBF665}.Release|iPhoneSimulator.ActiveCfg = Release|Any CPU
		{F3ACF891-B8BE-4526-9EED-A7DF80EBF665}.Release|iPhoneSimulator.Build.0 = Release|Any CPU
		{F3ACF891-B8BE-4526-9EED-A7DF80EBF665}.Release|Mixed Platforms.ActiveCfg = Release|Any CPU
		{F3ACF891-B8BE-4526-9EED-A7DF80EBF665}.Release|Mixed Platforms.Build.0 = Release|Any CPU
		{F3ACF891-B8BE-4526-9EED-A7DF80EBF665}.Release|x64.ActiveCfg = Release|Any CPU
		{F3ACF891-B8BE-4526-9EED-A7DF80EBF665}.Release|x64.Build.0 = Release|Any CPU
		{F3ACF891-B8BE-4526-9EED-A7DF80EBF665}.Release|x86.ActiveCfg = Release|Any CPU
		{F3ACF891-B8BE-4526-9EED-A7DF80EBF665}.Release|x86.Build.0 = Release|Any CPU
		{B8F9CFF9-E968-4AA3-A684-1A48A9B05869}.Ad-Hoc|Any CPU.ActiveCfg = Release|Any CPU
		{B8F9CFF9-E968-4AA3-A684-1A48A9B05869}.Ad-Hoc|Any CPU.Build.0 = Release|Any CPU
		{B8F9CFF9-E968-4AA3-A684-1A48A9B05869}.Ad-Hoc|ARM.ActiveCfg = Release|Any CPU
		{B8F9CFF9-E968-4AA3-A684-1A48A9B05869}.Ad-Hoc|ARM.Build.0 = Release|Any CPU
		{B8F9CFF9-E968-4AA3-A684-1A48A9B05869}.Ad-Hoc|iPhone.ActiveCfg = Release|Any CPU
		{B8F9CFF9-E968-4AA3-A684-1A48A9B05869}.Ad-Hoc|iPhone.Build.0 = Release|Any CPU
		{B8F9CFF9-E968-4AA3-A684-1A48A9B05869}.Ad-Hoc|iPhoneSimulator.ActiveCfg = Release|Any CPU
		{B8F9CFF9-E968-4AA3-A684-1A48A9B05869}.Ad-Hoc|iPhoneSimulator.Build.0 = Release|Any CPU
		{B8F9CFF9-E968-4AA3-A684-1A48A9B05869}.Ad-Hoc|Mixed Platforms.ActiveCfg = Release|Any CPU
		{B8F9CFF9-E968-4AA3-A684-1A48A9B05869}.Ad-Hoc|Mixed Platforms.Build.0 = Release|Any CPU
		{B8F9CFF9-E968-4AA3-A684-1A48A9B05869}.Ad-Hoc|x64.ActiveCfg = Release|Any CPU
		{B8F9CFF9-E968-4AA3-A684-1A48A9B05869}.Ad-Hoc|x64.Build.0 = Release|Any CPU
		{B8F9CFF9-E968-4AA3-A684-1A48A9B05869}.Ad-Hoc|x86.ActiveCfg = Release|Any CPU
		{B8F9CFF9-E968-4AA3-A684-1A48A9B05869}.Ad-Hoc|x86.Build.0 = Release|Any CPU
		{B8F9CFF9-E968-4AA3-A684-1A48A9B05869}.AppStore|Any CPU.ActiveCfg = Release|Any CPU
		{B8F9CFF9-E968-4AA3-A684-1A48A9B05869}.AppStore|Any CPU.Build.0 = Release|Any CPU
		{B8F9CFF9-E968-4AA3-A684-1A48A9B05869}.AppStore|ARM.ActiveCfg = Release|Any CPU
		{B8F9CFF9-E968-4AA3-A684-1A48A9B05869}.AppStore|ARM.Build.0 = Release|Any CPU
		{B8F9CFF9-E968-4AA3-A684-1A48A9B05869}.AppStore|iPhone.ActiveCfg = Release|Any CPU
		{B8F9CFF9-E968-4AA3-A684-1A48A9B05869}.AppStore|iPhone.Build.0 = Release|Any CPU
		{B8F9CFF9-E968-4AA3-A684-1A48A9B05869}.AppStore|iPhoneSimulator.ActiveCfg = Release|Any CPU
		{B8F9CFF9-E968-4AA3-A684-1A48A9B05869}.AppStore|iPhoneSimulator.Build.0 = Release|Any CPU
		{B8F9CFF9-E968-4AA3-A684-1A48A9B05869}.AppStore|Mixed Platforms.ActiveCfg = Release|Any CPU
		{B8F9CFF9-E968-4AA3-A684-1A48A9B05869}.AppStore|Mixed Platforms.Build.0 = Release|Any CPU
		{B8F9CFF9-E968-4AA3-A684-1A48A9B05869}.AppStore|x64.ActiveCfg = Release|Any CPU
		{B8F9CFF9-E968-4AA3-A684-1A48A9B05869}.AppStore|x64.Build.0 = Release|Any CPU
		{B8F9CFF9-E968-4AA3-A684-1A48A9B05869}.AppStore|x86.ActiveCfg = Release|Any CPU
		{B8F9CFF9-E968-4AA3-A684-1A48A9B05869}.AppStore|x86.Build.0 = Release|Any CPU
		{B8F9CFF9-E968-4AA3-A684-1A48A9B05869}.Debug|Any CPU.ActiveCfg = Debug|Any CPU
		{B8F9CFF9-E968-4AA3-A684-1A48A9B05869}.Debug|Any CPU.Build.0 = Debug|Any CPU
		{B8F9CFF9-E968-4AA3-A684-1A48A9B05869}.Debug|ARM.ActiveCfg = Debug|Any CPU
		{B8F9CFF9-E968-4AA3-A684-1A48A9B05869}.Debug|ARM.Build.0 = Debug|Any CPU
		{B8F9CFF9-E968-4AA3-A684-1A48A9B05869}.Debug|iPhone.ActiveCfg = Debug|Any CPU
		{B8F9CFF9-E968-4AA3-A684-1A48A9B05869}.Debug|iPhone.Build.0 = Debug|Any CPU
		{B8F9CFF9-E968-4AA3-A684-1A48A9B05869}.Debug|iPhoneSimulator.ActiveCfg = Debug|Any CPU
		{B8F9CFF9-E968-4AA3-A684-1A48A9B05869}.Debug|iPhoneSimulator.Build.0 = Debug|Any CPU
		{B8F9CFF9-E968-4AA3-A684-1A48A9B05869}.Debug|Mixed Platforms.ActiveCfg = Debug|Any CPU
		{B8F9CFF9-E968-4AA3-A684-1A48A9B05869}.Debug|Mixed Platforms.Build.0 = Debug|Any CPU
		{B8F9CFF9-E968-4AA3-A684-1A48A9B05869}.Debug|x64.ActiveCfg = Debug|Any CPU
		{B8F9CFF9-E968-4AA3-A684-1A48A9B05869}.Debug|x64.Build.0 = Debug|Any CPU
		{B8F9CFF9-E968-4AA3-A684-1A48A9B05869}.Debug|x86.ActiveCfg = Debug|Any CPU
		{B8F9CFF9-E968-4AA3-A684-1A48A9B05869}.Debug|x86.Build.0 = Debug|Any CPU
		{B8F9CFF9-E968-4AA3-A684-1A48A9B05869}.Release|Any CPU.ActiveCfg = Release|Any CPU
		{B8F9CFF9-E968-4AA3-A684-1A48A9B05869}.Release|Any CPU.Build.0 = Release|Any CPU
		{B8F9CFF9-E968-4AA3-A684-1A48A9B05869}.Release|ARM.ActiveCfg = Release|Any CPU
		{B8F9CFF9-E968-4AA3-A684-1A48A9B05869}.Release|ARM.Build.0 = Release|Any CPU
		{B8F9CFF9-E968-4AA3-A684-1A48A9B05869}.Release|iPhone.ActiveCfg = Release|Any CPU
		{B8F9CFF9-E968-4AA3-A684-1A48A9B05869}.Release|iPhone.Build.0 = Release|Any CPU
		{B8F9CFF9-E968-4AA3-A684-1A48A9B05869}.Release|iPhoneSimulator.ActiveCfg = Release|Any CPU
		{B8F9CFF9-E968-4AA3-A684-1A48A9B05869}.Release|iPhoneSimulator.Build.0 = Release|Any CPU
		{B8F9CFF9-E968-4AA3-A684-1A48A9B05869}.Release|Mixed Platforms.ActiveCfg = Release|Any CPU
		{B8F9CFF9-E968-4AA3-A684-1A48A9B05869}.Release|Mixed Platforms.Build.0 = Release|Any CPU
		{B8F9CFF9-E968-4AA3-A684-1A48A9B05869}.Release|x64.ActiveCfg = Release|Any CPU
		{B8F9CFF9-E968-4AA3-A684-1A48A9B05869}.Release|x64.Build.0 = Release|Any CPU
		{B8F9CFF9-E968-4AA3-A684-1A48A9B05869}.Release|x86.ActiveCfg = Release|Any CPU
		{B8F9CFF9-E968-4AA3-A684-1A48A9B05869}.Release|x86.Build.0 = Release|Any CPU
		{4B8AF987-A937-4D99-911A-E836E5798FB2}.Ad-Hoc|Any CPU.ActiveCfg = Debug|Any CPU
		{4B8AF987-A937-4D99-911A-E836E5798FB2}.Ad-Hoc|Any CPU.Build.0 = Debug|Any CPU
		{4B8AF987-A937-4D99-911A-E836E5798FB2}.Ad-Hoc|ARM.ActiveCfg = Debug|Any CPU
		{4B8AF987-A937-4D99-911A-E836E5798FB2}.Ad-Hoc|ARM.Build.0 = Debug|Any CPU
		{4B8AF987-A937-4D99-911A-E836E5798FB2}.Ad-Hoc|iPhone.ActiveCfg = Debug|Any CPU
		{4B8AF987-A937-4D99-911A-E836E5798FB2}.Ad-Hoc|iPhone.Build.0 = Debug|Any CPU
		{4B8AF987-A937-4D99-911A-E836E5798FB2}.Ad-Hoc|iPhoneSimulator.ActiveCfg = Debug|Any CPU
		{4B8AF987-A937-4D99-911A-E836E5798FB2}.Ad-Hoc|iPhoneSimulator.Build.0 = Debug|Any CPU
		{4B8AF987-A937-4D99-911A-E836E5798FB2}.Ad-Hoc|Mixed Platforms.ActiveCfg = Release|x86
		{4B8AF987-A937-4D99-911A-E836E5798FB2}.Ad-Hoc|Mixed Platforms.Build.0 = Release|x86
		{4B8AF987-A937-4D99-911A-E836E5798FB2}.Ad-Hoc|x64.ActiveCfg = Release|x64
		{4B8AF987-A937-4D99-911A-E836E5798FB2}.Ad-Hoc|x64.Build.0 = Release|x64
		{4B8AF987-A937-4D99-911A-E836E5798FB2}.Ad-Hoc|x86.ActiveCfg = Release|x86
		{4B8AF987-A937-4D99-911A-E836E5798FB2}.Ad-Hoc|x86.Build.0 = Release|x86
		{4B8AF987-A937-4D99-911A-E836E5798FB2}.AppStore|Any CPU.ActiveCfg = Debug|Any CPU
		{4B8AF987-A937-4D99-911A-E836E5798FB2}.AppStore|Any CPU.Build.0 = Debug|Any CPU
		{4B8AF987-A937-4D99-911A-E836E5798FB2}.AppStore|ARM.ActiveCfg = Debug|Any CPU
		{4B8AF987-A937-4D99-911A-E836E5798FB2}.AppStore|ARM.Build.0 = Debug|Any CPU
		{4B8AF987-A937-4D99-911A-E836E5798FB2}.AppStore|iPhone.ActiveCfg = Debug|Any CPU
		{4B8AF987-A937-4D99-911A-E836E5798FB2}.AppStore|iPhone.Build.0 = Debug|Any CPU
		{4B8AF987-A937-4D99-911A-E836E5798FB2}.AppStore|iPhoneSimulator.ActiveCfg = Debug|Any CPU
		{4B8AF987-A937-4D99-911A-E836E5798FB2}.AppStore|iPhoneSimulator.Build.0 = Debug|Any CPU
		{4B8AF987-A937-4D99-911A-E836E5798FB2}.AppStore|Mixed Platforms.ActiveCfg = Release|x86
		{4B8AF987-A937-4D99-911A-E836E5798FB2}.AppStore|Mixed Platforms.Build.0 = Release|x86
		{4B8AF987-A937-4D99-911A-E836E5798FB2}.AppStore|x64.ActiveCfg = Release|x64
		{4B8AF987-A937-4D99-911A-E836E5798FB2}.AppStore|x64.Build.0 = Release|x64
		{4B8AF987-A937-4D99-911A-E836E5798FB2}.AppStore|x86.ActiveCfg = Release|x86
		{4B8AF987-A937-4D99-911A-E836E5798FB2}.AppStore|x86.Build.0 = Release|x86
		{4B8AF987-A937-4D99-911A-E836E5798FB2}.Debug|Any CPU.ActiveCfg = Debug|Any CPU
		{4B8AF987-A937-4D99-911A-E836E5798FB2}.Debug|Any CPU.Build.0 = Debug|Any CPU
		{4B8AF987-A937-4D99-911A-E836E5798FB2}.Debug|ARM.ActiveCfg = Debug|Any CPU
		{4B8AF987-A937-4D99-911A-E836E5798FB2}.Debug|ARM.Build.0 = Debug|Any CPU
		{4B8AF987-A937-4D99-911A-E836E5798FB2}.Debug|iPhone.ActiveCfg = Debug|Any CPU
		{4B8AF987-A937-4D99-911A-E836E5798FB2}.Debug|iPhone.Build.0 = Debug|Any CPU
		{4B8AF987-A937-4D99-911A-E836E5798FB2}.Debug|iPhoneSimulator.ActiveCfg = Debug|Any CPU
		{4B8AF987-A937-4D99-911A-E836E5798FB2}.Debug|iPhoneSimulator.Build.0 = Debug|Any CPU
		{4B8AF987-A937-4D99-911A-E836E5798FB2}.Debug|Mixed Platforms.ActiveCfg = Debug|x86
		{4B8AF987-A937-4D99-911A-E836E5798FB2}.Debug|Mixed Platforms.Build.0 = Debug|x86
		{4B8AF987-A937-4D99-911A-E836E5798FB2}.Debug|x64.ActiveCfg = Debug|x64
		{4B8AF987-A937-4D99-911A-E836E5798FB2}.Debug|x64.Build.0 = Debug|x64
		{4B8AF987-A937-4D99-911A-E836E5798FB2}.Debug|x86.ActiveCfg = Debug|x86
		{4B8AF987-A937-4D99-911A-E836E5798FB2}.Debug|x86.Build.0 = Debug|x86
		{4B8AF987-A937-4D99-911A-E836E5798FB2}.Release|Any CPU.ActiveCfg = Release|Any CPU
		{4B8AF987-A937-4D99-911A-E836E5798FB2}.Release|Any CPU.Build.0 = Release|Any CPU
		{4B8AF987-A937-4D99-911A-E836E5798FB2}.Release|ARM.ActiveCfg = Release|Any CPU
		{4B8AF987-A937-4D99-911A-E836E5798FB2}.Release|ARM.Build.0 = Release|Any CPU
		{4B8AF987-A937-4D99-911A-E836E5798FB2}.Release|iPhone.ActiveCfg = Release|Any CPU
		{4B8AF987-A937-4D99-911A-E836E5798FB2}.Release|iPhone.Build.0 = Release|Any CPU
		{4B8AF987-A937-4D99-911A-E836E5798FB2}.Release|iPhoneSimulator.ActiveCfg = Release|Any CPU
		{4B8AF987-A937-4D99-911A-E836E5798FB2}.Release|iPhoneSimulator.Build.0 = Release|Any CPU
		{4B8AF987-A937-4D99-911A-E836E5798FB2}.Release|Mixed Platforms.ActiveCfg = Release|x86
		{4B8AF987-A937-4D99-911A-E836E5798FB2}.Release|Mixed Platforms.Build.0 = Release|x86
		{4B8AF987-A937-4D99-911A-E836E5798FB2}.Release|x64.ActiveCfg = Release|x64
		{4B8AF987-A937-4D99-911A-E836E5798FB2}.Release|x64.Build.0 = Release|x64
		{4B8AF987-A937-4D99-911A-E836E5798FB2}.Release|x86.ActiveCfg = Release|x86
		{4B8AF987-A937-4D99-911A-E836E5798FB2}.Release|x86.Build.0 = Release|x86
		{0E342D48-B30E-4E3D-BB2E-74DE97457255}.Ad-Hoc|Any CPU.ActiveCfg = Debug|Any CPU
		{0E342D48-B30E-4E3D-BB2E-74DE97457255}.Ad-Hoc|Any CPU.Build.0 = Debug|Any CPU
		{0E342D48-B30E-4E3D-BB2E-74DE97457255}.Ad-Hoc|ARM.ActiveCfg = Debug|Any CPU
		{0E342D48-B30E-4E3D-BB2E-74DE97457255}.Ad-Hoc|ARM.Build.0 = Debug|Any CPU
		{0E342D48-B30E-4E3D-BB2E-74DE97457255}.Ad-Hoc|iPhone.ActiveCfg = Debug|Any CPU
		{0E342D48-B30E-4E3D-BB2E-74DE97457255}.Ad-Hoc|iPhone.Build.0 = Debug|Any CPU
		{0E342D48-B30E-4E3D-BB2E-74DE97457255}.Ad-Hoc|iPhoneSimulator.ActiveCfg = Debug|Any CPU
		{0E342D48-B30E-4E3D-BB2E-74DE97457255}.Ad-Hoc|iPhoneSimulator.Build.0 = Debug|Any CPU
		{0E342D48-B30E-4E3D-BB2E-74DE97457255}.Ad-Hoc|Mixed Platforms.ActiveCfg = Release|x86
		{0E342D48-B30E-4E3D-BB2E-74DE97457255}.Ad-Hoc|Mixed Platforms.Build.0 = Release|x86
		{0E342D48-B30E-4E3D-BB2E-74DE97457255}.Ad-Hoc|x64.ActiveCfg = Release|x64
		{0E342D48-B30E-4E3D-BB2E-74DE97457255}.Ad-Hoc|x64.Build.0 = Release|x64
		{0E342D48-B30E-4E3D-BB2E-74DE97457255}.Ad-Hoc|x86.ActiveCfg = Release|x86
		{0E342D48-B30E-4E3D-BB2E-74DE97457255}.Ad-Hoc|x86.Build.0 = Release|x86
		{0E342D48-B30E-4E3D-BB2E-74DE97457255}.AppStore|Any CPU.ActiveCfg = Debug|Any CPU
		{0E342D48-B30E-4E3D-BB2E-74DE97457255}.AppStore|Any CPU.Build.0 = Debug|Any CPU
		{0E342D48-B30E-4E3D-BB2E-74DE97457255}.AppStore|ARM.ActiveCfg = Debug|Any CPU
		{0E342D48-B30E-4E3D-BB2E-74DE97457255}.AppStore|ARM.Build.0 = Debug|Any CPU
		{0E342D48-B30E-4E3D-BB2E-74DE97457255}.AppStore|iPhone.ActiveCfg = Debug|Any CPU
		{0E342D48-B30E-4E3D-BB2E-74DE97457255}.AppStore|iPhone.Build.0 = Debug|Any CPU
		{0E342D48-B30E-4E3D-BB2E-74DE97457255}.AppStore|iPhoneSimulator.ActiveCfg = Debug|Any CPU
		{0E342D48-B30E-4E3D-BB2E-74DE97457255}.AppStore|iPhoneSimulator.Build.0 = Debug|Any CPU
		{0E342D48-B30E-4E3D-BB2E-74DE97457255}.AppStore|Mixed Platforms.ActiveCfg = Release|x86
		{0E342D48-B30E-4E3D-BB2E-74DE97457255}.AppStore|Mixed Platforms.Build.0 = Release|x86
		{0E342D48-B30E-4E3D-BB2E-74DE97457255}.AppStore|x64.ActiveCfg = Release|x64
		{0E342D48-B30E-4E3D-BB2E-74DE97457255}.AppStore|x64.Build.0 = Release|x64
		{0E342D48-B30E-4E3D-BB2E-74DE97457255}.AppStore|x86.ActiveCfg = Release|x86
		{0E342D48-B30E-4E3D-BB2E-74DE97457255}.AppStore|x86.Build.0 = Release|x86
		{0E342D48-B30E-4E3D-BB2E-74DE97457255}.Debug|Any CPU.ActiveCfg = Debug|Any CPU
		{0E342D48-B30E-4E3D-BB2E-74DE97457255}.Debug|Any CPU.Build.0 = Debug|Any CPU
		{0E342D48-B30E-4E3D-BB2E-74DE97457255}.Debug|ARM.ActiveCfg = Debug|Any CPU
		{0E342D48-B30E-4E3D-BB2E-74DE97457255}.Debug|ARM.Build.0 = Debug|Any CPU
		{0E342D48-B30E-4E3D-BB2E-74DE97457255}.Debug|iPhone.ActiveCfg = Debug|Any CPU
		{0E342D48-B30E-4E3D-BB2E-74DE97457255}.Debug|iPhone.Build.0 = Debug|Any CPU
		{0E342D48-B30E-4E3D-BB2E-74DE97457255}.Debug|iPhoneSimulator.ActiveCfg = Debug|Any CPU
		{0E342D48-B30E-4E3D-BB2E-74DE97457255}.Debug|iPhoneSimulator.Build.0 = Debug|Any CPU
		{0E342D48-B30E-4E3D-BB2E-74DE97457255}.Debug|Mixed Platforms.ActiveCfg = Debug|x86
		{0E342D48-B30E-4E3D-BB2E-74DE97457255}.Debug|Mixed Platforms.Build.0 = Debug|x86
		{0E342D48-B30E-4E3D-BB2E-74DE97457255}.Debug|x64.ActiveCfg = Debug|x64
		{0E342D48-B30E-4E3D-BB2E-74DE97457255}.Debug|x64.Build.0 = Debug|x64
		{0E342D48-B30E-4E3D-BB2E-74DE97457255}.Debug|x86.ActiveCfg = Debug|x86
		{0E342D48-B30E-4E3D-BB2E-74DE97457255}.Debug|x86.Build.0 = Debug|x86
		{0E342D48-B30E-4E3D-BB2E-74DE97457255}.Release|Any CPU.ActiveCfg = Release|Any CPU
		{0E342D48-B30E-4E3D-BB2E-74DE97457255}.Release|Any CPU.Build.0 = Release|Any CPU
		{0E342D48-B30E-4E3D-BB2E-74DE97457255}.Release|ARM.ActiveCfg = Release|Any CPU
		{0E342D48-B30E-4E3D-BB2E-74DE97457255}.Release|ARM.Build.0 = Release|Any CPU
		{0E342D48-B30E-4E3D-BB2E-74DE97457255}.Release|iPhone.ActiveCfg = Release|Any CPU
		{0E342D48-B30E-4E3D-BB2E-74DE97457255}.Release|iPhone.Build.0 = Release|Any CPU
		{0E342D48-B30E-4E3D-BB2E-74DE97457255}.Release|iPhoneSimulator.ActiveCfg = Release|Any CPU
		{0E342D48-B30E-4E3D-BB2E-74DE97457255}.Release|iPhoneSimulator.Build.0 = Release|Any CPU
		{0E342D48-B30E-4E3D-BB2E-74DE97457255}.Release|Mixed Platforms.ActiveCfg = Release|x86
		{0E342D48-B30E-4E3D-BB2E-74DE97457255}.Release|Mixed Platforms.Build.0 = Release|x86
		{0E342D48-B30E-4E3D-BB2E-74DE97457255}.Release|x64.ActiveCfg = Release|x64
		{0E342D48-B30E-4E3D-BB2E-74DE97457255}.Release|x64.Build.0 = Release|x64
		{0E342D48-B30E-4E3D-BB2E-74DE97457255}.Release|x86.ActiveCfg = Release|x86
		{0E342D48-B30E-4E3D-BB2E-74DE97457255}.Release|x86.Build.0 = Release|x86
		{7C727891-1217-4E19-AD74-67BAC9D15EFB}.Ad-Hoc|Any CPU.ActiveCfg = Release|Any CPU
		{7C727891-1217-4E19-AD74-67BAC9D15EFB}.Ad-Hoc|Any CPU.Build.0 = Release|Any CPU
		{7C727891-1217-4E19-AD74-67BAC9D15EFB}.Ad-Hoc|ARM.ActiveCfg = Release|ARM
		{7C727891-1217-4E19-AD74-67BAC9D15EFB}.Ad-Hoc|ARM.Build.0 = Release|ARM
		{7C727891-1217-4E19-AD74-67BAC9D15EFB}.Ad-Hoc|iPhone.ActiveCfg = Release|Any CPU
		{7C727891-1217-4E19-AD74-67BAC9D15EFB}.Ad-Hoc|iPhone.Build.0 = Release|Any CPU
		{7C727891-1217-4E19-AD74-67BAC9D15EFB}.Ad-Hoc|iPhoneSimulator.ActiveCfg = Release|Any CPU
		{7C727891-1217-4E19-AD74-67BAC9D15EFB}.Ad-Hoc|iPhoneSimulator.Build.0 = Release|Any CPU
		{7C727891-1217-4E19-AD74-67BAC9D15EFB}.Ad-Hoc|Mixed Platforms.ActiveCfg = Release|x86
		{7C727891-1217-4E19-AD74-67BAC9D15EFB}.Ad-Hoc|Mixed Platforms.Build.0 = Release|x86
		{7C727891-1217-4E19-AD74-67BAC9D15EFB}.Ad-Hoc|x64.ActiveCfg = Release|x64
		{7C727891-1217-4E19-AD74-67BAC9D15EFB}.Ad-Hoc|x64.Build.0 = Release|x64
		{7C727891-1217-4E19-AD74-67BAC9D15EFB}.Ad-Hoc|x86.ActiveCfg = Release|x86
		{7C727891-1217-4E19-AD74-67BAC9D15EFB}.Ad-Hoc|x86.Build.0 = Release|x86
		{7C727891-1217-4E19-AD74-67BAC9D15EFB}.AppStore|Any CPU.ActiveCfg = Release|Any CPU
		{7C727891-1217-4E19-AD74-67BAC9D15EFB}.AppStore|Any CPU.Build.0 = Release|Any CPU
		{7C727891-1217-4E19-AD74-67BAC9D15EFB}.AppStore|ARM.ActiveCfg = Release|ARM
		{7C727891-1217-4E19-AD74-67BAC9D15EFB}.AppStore|ARM.Build.0 = Release|ARM
		{7C727891-1217-4E19-AD74-67BAC9D15EFB}.AppStore|iPhone.ActiveCfg = Release|Any CPU
		{7C727891-1217-4E19-AD74-67BAC9D15EFB}.AppStore|iPhone.Build.0 = Release|Any CPU
		{7C727891-1217-4E19-AD74-67BAC9D15EFB}.AppStore|iPhoneSimulator.ActiveCfg = Release|Any CPU
		{7C727891-1217-4E19-AD74-67BAC9D15EFB}.AppStore|iPhoneSimulator.Build.0 = Release|Any CPU
		{7C727891-1217-4E19-AD74-67BAC9D15EFB}.AppStore|Mixed Platforms.ActiveCfg = Release|x86
		{7C727891-1217-4E19-AD74-67BAC9D15EFB}.AppStore|Mixed Platforms.Build.0 = Release|x86
		{7C727891-1217-4E19-AD74-67BAC9D15EFB}.AppStore|x64.ActiveCfg = Release|x64
		{7C727891-1217-4E19-AD74-67BAC9D15EFB}.AppStore|x64.Build.0 = Release|x64
		{7C727891-1217-4E19-AD74-67BAC9D15EFB}.AppStore|x86.ActiveCfg = Release|x86
		{7C727891-1217-4E19-AD74-67BAC9D15EFB}.AppStore|x86.Build.0 = Release|x86
		{7C727891-1217-4E19-AD74-67BAC9D15EFB}.Debug|Any CPU.ActiveCfg = Debug|Any CPU
		{7C727891-1217-4E19-AD74-67BAC9D15EFB}.Debug|Any CPU.Build.0 = Debug|Any CPU
		{7C727891-1217-4E19-AD74-67BAC9D15EFB}.Debug|ARM.ActiveCfg = Debug|ARM
		{7C727891-1217-4E19-AD74-67BAC9D15EFB}.Debug|ARM.Build.0 = Debug|ARM
		{7C727891-1217-4E19-AD74-67BAC9D15EFB}.Debug|iPhone.ActiveCfg = Debug|Any CPU
		{7C727891-1217-4E19-AD74-67BAC9D15EFB}.Debug|iPhone.Build.0 = Debug|Any CPU
		{7C727891-1217-4E19-AD74-67BAC9D15EFB}.Debug|iPhoneSimulator.ActiveCfg = Debug|Any CPU
		{7C727891-1217-4E19-AD74-67BAC9D15EFB}.Debug|iPhoneSimulator.Build.0 = Debug|Any CPU
		{7C727891-1217-4E19-AD74-67BAC9D15EFB}.Debug|Mixed Platforms.ActiveCfg = Debug|x86
		{7C727891-1217-4E19-AD74-67BAC9D15EFB}.Debug|Mixed Platforms.Build.0 = Debug|x86
		{7C727891-1217-4E19-AD74-67BAC9D15EFB}.Debug|x64.ActiveCfg = Debug|x64
		{7C727891-1217-4E19-AD74-67BAC9D15EFB}.Debug|x64.Build.0 = Debug|x64
		{7C727891-1217-4E19-AD74-67BAC9D15EFB}.Debug|x86.ActiveCfg = Debug|x86
		{7C727891-1217-4E19-AD74-67BAC9D15EFB}.Debug|x86.Build.0 = Debug|x86
		{7C727891-1217-4E19-AD74-67BAC9D15EFB}.Release|Any CPU.ActiveCfg = Release|Any CPU
		{7C727891-1217-4E19-AD74-67BAC9D15EFB}.Release|Any CPU.Build.0 = Release|Any CPU
		{7C727891-1217-4E19-AD74-67BAC9D15EFB}.Release|ARM.ActiveCfg = Release|ARM
		{7C727891-1217-4E19-AD74-67BAC9D15EFB}.Release|ARM.Build.0 = Release|ARM
		{7C727891-1217-4E19-AD74-67BAC9D15EFB}.Release|iPhone.ActiveCfg = Release|Any CPU
		{7C727891-1217-4E19-AD74-67BAC9D15EFB}.Release|iPhone.Build.0 = Release|Any CPU
		{7C727891-1217-4E19-AD74-67BAC9D15EFB}.Release|iPhoneSimulator.ActiveCfg = Release|Any CPU
		{7C727891-1217-4E19-AD74-67BAC9D15EFB}.Release|iPhoneSimulator.Build.0 = Release|Any CPU
		{7C727891-1217-4E19-AD74-67BAC9D15EFB}.Release|Mixed Platforms.ActiveCfg = Release|x86
		{7C727891-1217-4E19-AD74-67BAC9D15EFB}.Release|Mixed Platforms.Build.0 = Release|x86
		{7C727891-1217-4E19-AD74-67BAC9D15EFB}.Release|x64.ActiveCfg = Release|x64
		{7C727891-1217-4E19-AD74-67BAC9D15EFB}.Release|x64.Build.0 = Release|x64
		{7C727891-1217-4E19-AD74-67BAC9D15EFB}.Release|x86.ActiveCfg = Release|x86
		{7C727891-1217-4E19-AD74-67BAC9D15EFB}.Release|x86.Build.0 = Release|x86
		{A601E533-34B2-4209-962C-60C97D96F72B}.Ad-Hoc|Any CPU.ActiveCfg = Release|Any CPU
		{A601E533-34B2-4209-962C-60C97D96F72B}.Ad-Hoc|Any CPU.Build.0 = Release|Any CPU
		{A601E533-34B2-4209-962C-60C97D96F72B}.Ad-Hoc|ARM.ActiveCfg = Release|Any CPU
		{A601E533-34B2-4209-962C-60C97D96F72B}.Ad-Hoc|ARM.Build.0 = Release|Any CPU
		{A601E533-34B2-4209-962C-60C97D96F72B}.Ad-Hoc|iPhone.ActiveCfg = Release|Any CPU
		{A601E533-34B2-4209-962C-60C97D96F72B}.Ad-Hoc|iPhone.Build.0 = Release|Any CPU
		{A601E533-34B2-4209-962C-60C97D96F72B}.Ad-Hoc|iPhoneSimulator.ActiveCfg = Release|Any CPU
		{A601E533-34B2-4209-962C-60C97D96F72B}.Ad-Hoc|iPhoneSimulator.Build.0 = Release|Any CPU
		{A601E533-34B2-4209-962C-60C97D96F72B}.Ad-Hoc|Mixed Platforms.ActiveCfg = Release|Any CPU
		{A601E533-34B2-4209-962C-60C97D96F72B}.Ad-Hoc|Mixed Platforms.Build.0 = Release|Any CPU
		{A601E533-34B2-4209-962C-60C97D96F72B}.Ad-Hoc|x64.ActiveCfg = Release|Any CPU
		{A601E533-34B2-4209-962C-60C97D96F72B}.Ad-Hoc|x64.Build.0 = Release|Any CPU
		{A601E533-34B2-4209-962C-60C97D96F72B}.Ad-Hoc|x86.ActiveCfg = Release|Any CPU
		{A601E533-34B2-4209-962C-60C97D96F72B}.Ad-Hoc|x86.Build.0 = Release|Any CPU
		{A601E533-34B2-4209-962C-60C97D96F72B}.AppStore|Any CPU.ActiveCfg = Release|Any CPU
		{A601E533-34B2-4209-962C-60C97D96F72B}.AppStore|Any CPU.Build.0 = Release|Any CPU
		{A601E533-34B2-4209-962C-60C97D96F72B}.AppStore|ARM.ActiveCfg = Release|Any CPU
		{A601E533-34B2-4209-962C-60C97D96F72B}.AppStore|ARM.Build.0 = Release|Any CPU
		{A601E533-34B2-4209-962C-60C97D96F72B}.AppStore|iPhone.ActiveCfg = Release|Any CPU
		{A601E533-34B2-4209-962C-60C97D96F72B}.AppStore|iPhone.Build.0 = Release|Any CPU
		{A601E533-34B2-4209-962C-60C97D96F72B}.AppStore|iPhoneSimulator.ActiveCfg = Release|Any CPU
		{A601E533-34B2-4209-962C-60C97D96F72B}.AppStore|iPhoneSimulator.Build.0 = Release|Any CPU
		{A601E533-34B2-4209-962C-60C97D96F72B}.AppStore|Mixed Platforms.ActiveCfg = Release|Any CPU
		{A601E533-34B2-4209-962C-60C97D96F72B}.AppStore|Mixed Platforms.Build.0 = Release|Any CPU
		{A601E533-34B2-4209-962C-60C97D96F72B}.AppStore|x64.ActiveCfg = Release|Any CPU
		{A601E533-34B2-4209-962C-60C97D96F72B}.AppStore|x64.Build.0 = Release|Any CPU
		{A601E533-34B2-4209-962C-60C97D96F72B}.AppStore|x86.ActiveCfg = Release|Any CPU
		{A601E533-34B2-4209-962C-60C97D96F72B}.AppStore|x86.Build.0 = Release|Any CPU
		{A601E533-34B2-4209-962C-60C97D96F72B}.Debug|Any CPU.ActiveCfg = Debug|Any CPU
		{A601E533-34B2-4209-962C-60C97D96F72B}.Debug|Any CPU.Build.0 = Debug|Any CPU
		{A601E533-34B2-4209-962C-60C97D96F72B}.Debug|ARM.ActiveCfg = Debug|Any CPU
		{A601E533-34B2-4209-962C-60C97D96F72B}.Debug|ARM.Build.0 = Debug|Any CPU
		{A601E533-34B2-4209-962C-60C97D96F72B}.Debug|iPhone.ActiveCfg = Debug|Any CPU
		{A601E533-34B2-4209-962C-60C97D96F72B}.Debug|iPhone.Build.0 = Debug|Any CPU
		{A601E533-34B2-4209-962C-60C97D96F72B}.Debug|iPhoneSimulator.ActiveCfg = Debug|Any CPU
		{A601E533-34B2-4209-962C-60C97D96F72B}.Debug|iPhoneSimulator.Build.0 = Debug|Any CPU
		{A601E533-34B2-4209-962C-60C97D96F72B}.Debug|Mixed Platforms.ActiveCfg = Debug|Any CPU
		{A601E533-34B2-4209-962C-60C97D96F72B}.Debug|Mixed Platforms.Build.0 = Debug|Any CPU
		{A601E533-34B2-4209-962C-60C97D96F72B}.Debug|x64.ActiveCfg = Debug|Any CPU
		{A601E533-34B2-4209-962C-60C97D96F72B}.Debug|x64.Build.0 = Debug|Any CPU
		{A601E533-34B2-4209-962C-60C97D96F72B}.Debug|x86.ActiveCfg = Debug|Any CPU
		{A601E533-34B2-4209-962C-60C97D96F72B}.Debug|x86.Build.0 = Debug|Any CPU
		{A601E533-34B2-4209-962C-60C97D96F72B}.Release|Any CPU.ActiveCfg = Release|Any CPU
		{A601E533-34B2-4209-962C-60C97D96F72B}.Release|Any CPU.Build.0 = Release|Any CPU
		{A601E533-34B2-4209-962C-60C97D96F72B}.Release|ARM.ActiveCfg = Release|Any CPU
		{A601E533-34B2-4209-962C-60C97D96F72B}.Release|ARM.Build.0 = Release|Any CPU
		{A601E533-34B2-4209-962C-60C97D96F72B}.Release|iPhone.ActiveCfg = Release|Any CPU
		{A601E533-34B2-4209-962C-60C97D96F72B}.Release|iPhone.Build.0 = Release|Any CPU
		{A601E533-34B2-4209-962C-60C97D96F72B}.Release|iPhoneSimulator.ActiveCfg = Release|Any CPU
		{A601E533-34B2-4209-962C-60C97D96F72B}.Release|iPhoneSimulator.Build.0 = Release|Any CPU
		{A601E533-34B2-4209-962C-60C97D96F72B}.Release|Mixed Platforms.ActiveCfg = Release|Any CPU
		{A601E533-34B2-4209-962C-60C97D96F72B}.Release|Mixed Platforms.Build.0 = Release|Any CPU
		{A601E533-34B2-4209-962C-60C97D96F72B}.Release|x64.ActiveCfg = Release|Any CPU
		{A601E533-34B2-4209-962C-60C97D96F72B}.Release|x64.Build.0 = Release|Any CPU
		{A601E533-34B2-4209-962C-60C97D96F72B}.Release|x86.ActiveCfg = Release|Any CPU
		{A601E533-34B2-4209-962C-60C97D96F72B}.Release|x86.Build.0 = Release|Any CPU
	EndGlobalSection
	GlobalSection(SolutionProperties) = preSolution
		HideSolutionNode = FALSE
	EndGlobalSection
	GlobalSection(NestedProjects) = preSolution
		{62F5D64A-791E-460B-AFC4-AF26673EA4CE} = {95E24DC3-BFE7-4F15-9F1E-86DEB394F3E2}
		{2E4D0D6A-CE0C-447D-AC16-2143B62A6B25} = {AEE77517-4F61-436D-8001-D2A67DB659AE}
		{B1019C4B-E37A-4B75-9AFC-980820320B6B} = {95E24DC3-BFE7-4F15-9F1E-86DEB394F3E2}
		{CAD5F2F4-842A-4D67-A862-7668C442E8ED} = {900F6DB8-A11C-4945-A75A-FAEB853F4930}
		{06FE0C81-97BD-46BA-84CA-E7E2E1284AAD} = {900F6DB8-A11C-4945-A75A-FAEB853F4930}
		{190B3C22-2763-4316-A93A-631995EB07AD} = {900F6DB8-A11C-4945-A75A-FAEB853F4930}
		{F3ACF891-B8BE-4526-9EED-A7DF80EBF665} = {AEE77517-4F61-436D-8001-D2A67DB659AE}
		{B8F9CFF9-E968-4AA3-A684-1A48A9B05869} = {95E24DC3-BFE7-4F15-9F1E-86DEB394F3E2}
		{4B8AF987-A937-4D99-911A-E836E5798FB2} = {95E24DC3-BFE7-4F15-9F1E-86DEB394F3E2}
		{0E342D48-B30E-4E3D-BB2E-74DE97457255} = {95E24DC3-BFE7-4F15-9F1E-86DEB394F3E2}
		{7C727891-1217-4E19-AD74-67BAC9D15EFB} = {95E24DC3-BFE7-4F15-9F1E-86DEB394F3E2}
		{71E91E25-E8A3-4840-8DE6-BDD492FA35CF} = {95E24DC3-BFE7-4F15-9F1E-86DEB394F3E2}
		{A601E533-34B2-4209-962C-60C97D96F72B} = {AEE77517-4F61-436D-8001-D2A67DB659AE}
		{AEE77517-4F61-436D-8001-D2A67DB659AE} = {95E24DC3-BFE7-4F15-9F1E-86DEB394F3E2}
	EndGlobalSection
EndGlobal
